
Microsoft Visual Studio Solution File, Format Version 12.00
# Visual Studio 15
Project("{FAE04EC0-301F-11D3-BF4B-00C04F79EFBC}") = "HoudiniEngineUnity", "HoudiniEngineUnity.csproj", "{3DBE258F-FCA9-E4BE-4B18-BB6C17798869}"
EndProject
Project("{FAE04EC0-301F-11D3-BF4B-00C04F79EFBC}") = "Assembly-CSharp", "Assembly-CSharp.csproj", "{4DE2F9D6-EA50-1E23-5798-DE1731D7029E}"
EndProject
Project("{FAE04EC0-301F-11D3-BF4B-00C04F79EFBC}") = "Assembly-CSharp-firstpass", "Assembly-CSharp-firstpass.csproj", "{4503B333-4783-8F0C-559D-5797900427F1}"
EndProject
Project("{FAE04EC0-301F-11D3-BF4B-00C04F79EFBC}") = "AmplifyShaderEditor.Samples.BuiltIn", "AmplifyShaderEditor.Samples.BuiltIn.csproj", "{CAC6F2D9-2DEE-9F93-1F1A-356090D597E8}"
EndProject
Project("{FAE04EC0-301F-11D3-BF4B-00C04F79EFBC}") = "AmplifyShaderEditor.Samples.HDRP", "AmplifyShaderEditor.Samples.HDRP.csproj", "{85E33456-B2F3-2E40-3B58-C8AC9EEB0B10}"
EndProject
Project("{FAE04EC0-301F-11D3-BF4B-00C04F79EFBC}") = "HBAO.Demo.Runtime", "HBAO.Demo.Runtime.csproj", "{4282EEFD-4415-AF0F-6882-6F7617FB36F0}"
EndProject
Project("{FAE04EC0-301F-11D3-BF4B-00C04F79EFBC}") = "HBAO.Demo.Universal.Runtime", "HBAO.Demo.Universal.Runtime.csproj", "{7D89E3E1-CC53-0BA1-F041-32B137EC7269}"
EndProject
Project("{FAE04EC0-301F-11D3-BF4B-00C04F79EFBC}") = "HBAO.Universal.Runtime", "HBAO.Universal.Runtime.csproj", "{D54B4453-99D9-74DF-5467-BEFF2F8C3A05}"
EndProject
Project("{FAE04EC0-301F-11D3-BF4B-00C04F79EFBC}") = "HBAO.Runtime", "HBAO.Runtime.csproj", "{5D815B01-9627-85C1-2AD4-056BB0AB592B}"
EndProject
Project("{FAE04EC0-301F-11D3-BF4B-00C04F79EFBC}") = "Substance.EditorHelper", "Substance.EditorHelper.csproj", "{B82EF13D-39AA-317C-E356-D84B401FB08B}"
EndProject
Project("{FAE04EC0-301F-11D3-BF4B-00C04F79EFBC}") = "Substance.Platform", "Substance.Platform.csproj", "{B34BFDEE-4F66-CF1B-59EF-7AC3D320E801}"
EndProject
Project("{FAE04EC0-301F-11D3-BF4B-00C04F79EFBC}") = "AmplifyShaderEditor", "AmplifyShaderEditor.csproj", "{3AB49371-7FAE-0111-12B0-BDFEDCC6A36C}"
EndProject
Project("{FAE04EC0-301F-11D3-BF4B-00C04F79EFBC}") = "HoudiniEngineUnityEditor", "HoudiniEngineUnityEditor.csproj", "{C8301CA0-A151-BA6F-7E15-22E2381D9D0B}"
EndProject
Project("{FAE04EC0-301F-11D3-BF4B-00C04F79EFBC}") = "Assembly-CSharp-Editor", "Assembly-CSharp-Editor.csproj", "{082C76CD-58BB-5A99-F468-A4392D6F45A0}"
EndProject
Project("{FAE04EC0-301F-11D3-BF4B-00C04F79EFBC}") = "HBAO.Editor", "HBAO.Editor.csproj", "{61BC5FF3-691E-4359-997E-93D068605D90}"
EndProject
Project("{FAE04EC0-301F-11D3-BF4B-00C04F79EFBC}") = "HBAO.Universal.Editor", "HBAO.Universal.Editor.csproj", "{4DFEEE69-9179-2DE8-B301-81C30F7045AF}"
EndProject
Global
	GlobalSection(SolutionConfigurationPlatforms) = preSolution
		Debug|Any CPU = Debug|Any CPU
		Release|Any CPU = Release|Any CPU
	EndGlobalSection
	GlobalSection(ProjectConfigurationPlatforms) = postSolution
		{3DBE258F-FCA9-E4BE-4B18-BB6C17798869}.Debug|Any CPU.ActiveCfg = Debug|Any CPU
		{3DBE258F-FCA9-E4BE-4B18-BB6C17798869}.Debug|Any CPU.Build.0 = Debug|Any CPU
		{3DBE258F-FCA9-E4BE-4B18-BB6C17798869}.Release|Any CPU.ActiveCfg = Release|Any CPU
		{3DBE258F-FCA9-E4BE-4B18-BB6C17798869}.Release|Any CPU.Build.0 = Release|Any CPU
		{4DE2F9D6-EA50-1E23-5798-DE1731D7029E}.Debug|Any CPU.ActiveCfg = Debug|Any CPU
		{4DE2F9D6-EA50-1E23-5798-DE1731D7029E}.Debug|Any CPU.Build.0 = Debug|Any CPU
		{4DE2F9D6-EA50-1E23-5798-DE1731D7029E}.Release|Any CPU.ActiveCfg = Release|Any CPU
		{4DE2F9D6-EA50-1E23-5798-DE1731D7029E}.Release|Any CPU.Build.0 = Release|Any CPU
		{4503B333-4783-8F0C-559D-5797900427F1}.Debug|Any CPU.ActiveCfg = Debug|Any CPU
		{4503B333-4783-8F0C-559D-5797900427F1}.Debug|Any CPU.Build.0 = Debug|Any CPU
		{4503B333-4783-8F0C-559D-5797900427F1}.Release|Any CPU.ActiveCfg = Release|Any CPU
		{4503B333-4783-8F0C-559D-5797900427F1}.Release|Any CPU.Build.0 = Release|Any CPU
		{CAC6F2D9-2DEE-9F93-1F1A-356090D597E8}.Debug|Any CPU.ActiveCfg = Debug|Any CPU
		{CAC6F2D9-2DEE-9F93-1F1A-356090D597E8}.Debug|Any CPU.Build.0 = Debug|Any CPU
		{CAC6F2D9-2DEE-9F93-1F1A-356090D597E8}.Release|Any CPU.ActiveCfg = Release|Any CPU
		{CAC6F2D9-2DEE-9F93-1F1A-356090D597E8}.Release|Any CPU.Build.0 = Release|Any CPU
		{85E33456-B2F3-2E40-3B58-C8AC9EEB0B10}.Debug|Any CPU.ActiveCfg = Debug|Any CPU
		{85E33456-B2F3-2E40-3B58-C8AC9EEB0B10}.Debug|Any CPU.Build.0 = Debug|Any CPU
		{85E33456-B2F3-2E40-3B58-C8AC9EEB0B10}.Release|Any CPU.ActiveCfg = Release|Any CPU
		{85E33456-B2F3-2E40-3B58-C8AC9EEB0B10}.Release|Any CPU.Build.0 = Release|Any CPU
		{4282EEFD-4415-AF0F-6882-6F7617FB36F0}.Debug|Any CPU.ActiveCfg = Debug|Any CPU
		{4282EEFD-4415-AF0F-6882-6F7617FB36F0}.Debug|Any CPU.Build.0 = Debug|Any CPU
		{4282EEFD-4415-AF0F-6882-6F7617FB36F0}.Release|Any CPU.ActiveCfg = Release|Any CPU
		{4282EEFD-4415-AF0F-6882-6F7617FB36F0}.Release|Any CPU.Build.0 = Release|Any CPU
		{7D89E3E1-CC53-0BA1-F041-32B137EC7269}.Debug|Any CPU.ActiveCfg = Debug|Any CPU
		{7D89E3E1-CC53-0BA1-F041-32B137EC7269}.Debug|Any CPU.Build.0 = Debug|Any CPU
		{7D89E3E1-CC53-0BA1-F041-32B137EC7269}.Release|Any CPU.ActiveCfg = Release|Any CPU
		{7D89E3E1-CC53-0BA1-F041-32B137EC7269}.Release|Any CPU.Build.0 = Release|Any CPU
		{D54B4453-99D9-74DF-5467-BEFF2F8C3A05}.Debug|Any CPU.ActiveCfg = Debug|Any CPU
		{D54B4453-99D9-74DF-5467-BEFF2F8C3A05}.Debug|Any CPU.Build.0 = Debug|Any CPU
		{D54B4453-99D9-74DF-5467-BEFF2F8C3A05}.Release|Any CPU.ActiveCfg = Release|Any CPU
		{D54B4453-99D9-74DF-5467-BEFF2F8C3A05}.Release|Any CPU.Build.0 = Release|Any CPU
		{5D815B01-9627-85C1-2AD4-056BB0AB592B}.Debug|Any CPU.ActiveCfg = Debug|Any CPU
		{5D815B01-9627-85C1-2AD4-056BB0AB592B}.Debug|Any CPU.Build.0 = Debug|Any CPU
		{5D815B01-9627-85C1-2AD4-056BB0AB592B}.Release|Any CPU.ActiveCfg = Release|Any CPU
		{5D815B01-9627-85C1-2AD4-056BB0AB592B}.Release|Any CPU.Build.0 = Release|Any CPU
		{B82EF13D-39AA-317C-E356-D84B401FB08B}.Debug|Any CPU.ActiveCfg = Debug|Any CPU
		{B82EF13D-39AA-317C-E356-D84B401FB08B}.Debug|Any CPU.Build.0 = Debug|Any CPU
		{B82EF13D-39AA-317C-E356-D84B401FB08B}.Release|Any CPU.ActiveCfg = Release|Any CPU
		{B82EF13D-39AA-317C-E356-D84B401FB08B}.Release|Any CPU.Build.0 = Release|Any CPU
		{B34BFDEE-4F66-CF1B-59EF-7AC3D320E801}.Debug|Any CPU.ActiveCfg = Debug|Any CPU
		{B34BFDEE-4F66-CF1B-59EF-7AC3D320E801}.Debug|Any CPU.Build.0 = Debug|Any CPU
		{B34BFDEE-4F66-CF1B-59EF-7AC3D320E801}.Release|Any CPU.ActiveCfg = Release|Any CPU
		{B34BFDEE-4F66-CF1B-59EF-7AC3D320E801}.Release|Any CPU.Build.0 = Release|Any CPU
		{3AB49371-7FAE-0111-12B0-BDFEDCC6A36C}.Debug|Any CPU.ActiveCfg = Debug|Any CPU
		{3AB49371-7FAE-0111-12B0-BDFEDCC6A36C}.Debug|Any CPU.Build.0 = Debug|Any CPU
		{3AB49371-7FAE-0111-12B0-BDFEDCC6A36C}.Release|Any CPU.ActiveCfg = Release|Any CPU
		{3AB49371-7FAE-0111-12B0-BDFEDCC6A36C}.Release|Any CPU.Build.0 = Release|Any CPU
		{C8301CA0-A151-BA6F-7E15-22E2381D9D0B}.Debug|Any CPU.ActiveCfg = Debug|Any CPU
		{C8301CA0-A151-BA6F-7E15-22E2381D9D0B}.Debug|Any CPU.Build.0 = Debug|Any CPU
		{C8301CA0-A151-BA6F-7E15-22E2381D9D0B}.Release|Any CPU.ActiveCfg = Release|Any CPU
		{C8301CA0-A151-BA6F-7E15-22E2381D9D0B}.Release|Any CPU.Build.0 = Release|Any CPU
		{082C76CD-58BB-5A99-F468-A4392D6F45A0}.Debug|Any CPU.ActiveCfg = Debug|Any CPU
		{082C76CD-58BB-5A99-F468-A4392D6F45A0}.Debug|Any CPU.Build.0 = Debug|Any CPU
		{082C76CD-58BB-5A99-F468-A4392D6F45A0}.Release|Any CPU.ActiveCfg = Release|Any CPU
		{082C76CD-58BB-5A99-F468-A4392D6F45A0}.Release|Any CPU.Build.0 = Release|Any CPU
		{61BC5FF3-691E-4359-997E-93D068605D90}.Debug|Any CPU.ActiveCfg = Debug|Any CPU
		{61BC5FF3-691E-4359-997E-93D068605D90}.Debug|Any CPU.Build.0 = Debug|Any CPU
		{61BC5FF3-691E-4359-997E-93D068605D90}.Release|Any CPU.ActiveCfg = Release|Any CPU
		{61BC5FF3-691E-4359-997E-93D068605D90}.Release|Any CPU.Build.0 = Release|Any CPU
		{4DFEEE69-9179-2DE8-B301-81C30F7045AF}.Debug|Any CPU.ActiveCfg = Debug|Any CPU
		{4DFEEE69-9179-2DE8-B301-81C30F7045AF}.Debug|Any CPU.Build.0 = Debug|Any CPU
		{4DFEEE69-9179-2DE8-B301-81C30F7045AF}.Release|Any CPU.ActiveCfg = Release|Any CPU
		{4DFEEE69-9179-2DE8-B301-81C30F7045AF}.Release|Any CPU.Build.0 = Release|Any CPU
	EndGlobalSection
	GlobalSection(SolutionProperties) = preSolution
		HideSolutionNode = FALSE
	EndGlobalSection
EndGlobal
