
Microsoft Visual Studio Solution File, Format Version 11.00
# Visual Studio 2010
Project("{FAE04EC0-301F-11D3-BF4B-00C04F79EFBC}") = "UnityEngine.UI", "UnityEngine.UI.csproj", "{6D76C67F-81E9-CAC2-6335-153522CA1277}"
EndProject
Project("{FAE04EC0-301F-11D3-BF4B-00C04F79EFBC}") = "Unity.Burst.Tests.UnitTests", "Unity.Burst.Tests.UnitTests.csproj", "{24FFB305-FD5C-B8AF-B7DD-820F3A95B87C}"
EndProject
Project("{FAE04EC0-301F-11D3-BF4B-00C04F79EFBC}") = "Unity.RenderPipelines.Core.Runtime", "Unity.RenderPipelines.Core.Runtime.csproj", "{220F2A3E-AE7E-82D1-51F5-49FC9EE22CFE}"
EndProject
Project("{FAE04EC0-301F-11D3-BF4B-00C04F79EFBC}") = "UnityEngine.TestRunner", "UnityEngine.TestRunner.csproj", "{697C13D0-F417-E83F-5866-DB394A65AA9E}"
EndProject
Project("{FAE04EC0-301F-11D3-BF4B-00C04F79EFBC}") = "HoudiniEngineUnity", "HoudiniEngineUnity.csproj", "{3DBE258F-FCA9-E4BE-4B18-BB6C17798869}"
EndProject
Project("{FAE04EC0-301F-11D3-BF4B-00C04F79EFBC}") = "Unity.Mathematics", "Unity.Mathematics.csproj", "{BF58E162-3CA0-BB4E-D978-904E9B9F0F8B}"
EndProject
Project("{FAE04EC0-301F-11D3-BF4B-00C04F79EFBC}") = "UnityEngine.UI.Tests", "UnityEngine.UI.Tests.csproj", "{865A9475-7366-06AE-B330-B9C4045977BC}"
EndProject
Project("{FAE04EC0-301F-11D3-BF4B-00C04F79EFBC}") = "UnityEngine.Purchasing.WinRTCore", "UnityEngine.Purchasing.WinRTCore.csproj", "{BA6B033E-C62E-E754-4BDE-A0830738E9AC}"
EndProject
Project("{FAE04EC0-301F-11D3-BF4B-00C04F79EFBC}") = "Assembly-CSharp", "Assembly-CSharp.csproj", "{4DE2F9D6-EA50-1E23-5798-DE1731D7029E}"
EndProject
Project("{FAE04EC0-301F-11D3-BF4B-00C04F79EFBC}") = "Unity.RenderPipelines.Universal.Runtime", "Unity.RenderPipelines.Universal.Runtime.csproj", "{A9DB3013-0253-CED8-29F9-C6B6FF97D91A}"
EndProject
Project("{FAE04EC0-301F-11D3-BF4B-00C04F79EFBC}") = "UnityEngine.XR.LegacyInputHelpers", "UnityEngine.XR.LegacyInputHelpers.csproj", "{5CA8C0A3-84C5-BAC4-E37F-3D56B9A72232}"
EndProject
Project("{FAE04EC0-301F-11D3-BF4B-00C04F79EFBC}") = "UnityEngine.Monetization", "UnityEngine.Monetization.csproj", "{65736B7D-845B-A28A-E9C0-658A72CCDE84}"
EndProject
Project("{FAE04EC0-301F-11D3-BF4B-00C04F79EFBC}") = "Unity.Animation.Rigging", "Unity.Animation.Rigging.csproj", "{85DD7EBE-3652-9372-97DD-2723B2C69971}"
EndProject
Project("{FAE04EC0-301F-11D3-BF4B-00C04F79EFBC}") = "UnityEngine.Purchasing.AppleCore", "UnityEngine.Purchasing.AppleCore.csproj", "{AE5258B7-3DA0-049D-B45F-9C1E91EED1BD}"
EndProject
Project("{FAE04EC0-301F-11D3-BF4B-00C04F79EFBC}") = "Assembly-CSharp-firstpass", "Assembly-CSharp-firstpass.csproj", "{4503B333-4783-8F0C-559D-5797900427F1}"
EndProject
Project("{FAE04EC0-301F-11D3-BF4B-00C04F79EFBC}") = "Unity.Burst", "Unity.Burst.csproj", "{ADF2D455-E630-685B-A55B-B75722DF519A}"
EndProject
Project("{FAE04EC0-301F-11D3-BF4B-00C04F79EFBC}") = "Unity.TextMeshPro", "Unity.TextMeshPro.csproj", "{4DBB2404-6E74-A67D-3393-D75BE6E86F90}"
EndProject
Project("{FAE04EC0-301F-11D3-BF4B-00C04F79EFBC}") = "UnityEngine.Advertisements", "UnityEngine.Advertisements.csproj", "{EB12F898-3F4C-27F3-605B-AE35E59F92D7}"
EndProject
Project("{FAE04EC0-301F-11D3-BF4B-00C04F79EFBC}") = "Unity.VisualEffectGraph.Runtime", "Unity.VisualEffectGraph.Runtime.csproj", "{73740EE2-0B6A-2BC3-A539-626F2B1D781F}"
EndProject
Project("{FAE04EC0-301F-11D3-BF4B-00C04F79EFBC}") = "Unity.ProBuilder.Poly2Tri", "Unity.ProBuilder.Poly2Tri.csproj", "{22E0CA7B-B8C1-6AD2-56C3-B6A186D9CE67}"
EndProject
Project("{FAE04EC0-301F-11D3-BF4B-00C04F79EFBC}") = "Cinemachine", "Cinemachine.csproj", "{B2796A59-653A-74ED-C87D-D96A253F6760}"
EndProject
Project("{FAE04EC0-301F-11D3-BF4B-00C04F79EFBC}") = "UnityEngine.Purchasing.Stores", "UnityEngine.Purchasing.Stores.csproj", "{D235B983-00F3-D57C-92E3-FC2584683C14}"
EndProject
Project("{FAE04EC0-301F-11D3-BF4B-00C04F79EFBC}") = "Unity.RenderPipelines.Universal.Runtime.Tests", "Unity.RenderPipelines.Universal.Runtime.Tests.csproj", "{41BEFAD3-71CF-03A8-8BFE-B879E28EBCF3}"
EndProject
Project("{FAE04EC0-301F-11D3-BF4B-00C04F79EFBC}") = "Unity.Timeline", "Unity.Timeline.csproj", "{B6971EB2-722A-C025-AD7E-9944B17FC7D7}"
EndProject
Project("{FAE04EC0-301F-11D3-BF4B-00C04F79EFBC}") = "UnityEngine.Advertisements.Tests", "UnityEngine.Advertisements.Tests.csproj", "{B706F76D-2D29-FF83-852C-49EC3159E7C4}"
EndProject
Project("{FAE04EC0-301F-11D3-BF4B-00C04F79EFBC}") = "Unity.ProBuilder", "Unity.ProBuilder.csproj", "{38D61E59-4C09-1AEB-E0E7-F6438BAFF77B}"
EndProject
Project("{FAE04EC0-301F-11D3-BF4B-00C04F79EFBC}") = "UnityEngine.Purchasing", "UnityEngine.Purchasing.csproj", "{BC94AFD8-85F1-0202-A12A-01B608BF160E}"
EndProject
Project("{FAE04EC0-301F-11D3-BF4B-00C04F79EFBC}") = "UnityEngine.Purchasing.SecurityStub", "UnityEngine.Purchasing.SecurityStub.csproj", "{33569B5D-8FF6-38BD-B6C8-16D83BFD0A3D}"
EndProject
Project("{FAE04EC0-301F-11D3-BF4B-00C04F79EFBC}") = "Unity.RenderPipelines.Core.Runtime.Tests", "Unity.RenderPipelines.Core.Runtime.Tests.csproj", "{9ECEB9C1-BC83-ED37-76DB-B5E3F1023DC2}"
EndProject
Project("{FAE04EC0-301F-11D3-BF4B-00C04F79EFBC}") = "Unity.ProBuilder.Csg", "Unity.ProBuilder.Csg.csproj", "{FD997A1A-0422-F332-DB38-89864B4B1832}"
EndProject
Project("{FAE04EC0-301F-11D3-BF4B-00C04F79EFBC}") = "AmplifyShaderEditor.Samples.BuiltIn", "AmplifyShaderEditor.Samples.BuiltIn.csproj", "{CAC6F2D9-2DEE-9F93-1F1A-356090D597E8}"
EndProject
Project("{FAE04EC0-301F-11D3-BF4B-00C04F79EFBC}") = "Purchasing.Common", "Purchasing.Common.csproj", "{03DD6665-6D2A-1213-973A-E62940873556}"
EndProject
Project("{FAE04EC0-301F-11D3-BF4B-00C04F79EFBC}") = "AmplifyShaderEditor.Samples.HDRP", "AmplifyShaderEditor.Samples.HDRP.csproj", "{85E33456-B2F3-2E40-3B58-C8AC9EEB0B10}"
EndProject
Project("{FAE04EC0-301F-11D3-BF4B-00C04F79EFBC}") = "UnityEngine.Purchasing.SecurityCore", "UnityEngine.Purchasing.SecurityCore.csproj", "{7A77BCF0-30F4-6927-55D5-2611754ABF2D}"
EndProject
Project("{FAE04EC0-301F-11D3-BF4B-00C04F79EFBC}") = "UnityEngine.Purchasing.WinRTStub", "UnityEngine.Purchasing.WinRTStub.csproj", "{7B717D42-69BE-7899-C29F-8EAD51CEC3AB}"
EndProject
Project("{FAE04EC0-301F-11D3-BF4B-00C04F79EFBC}") = "HBAO.Demo.Runtime", "HBAO.Demo.Runtime.csproj", "{4282EEFD-4415-AF0F-6882-6F7617FB36F0}"
EndProject
Project("{FAE04EC0-301F-11D3-BF4B-00C04F79EFBC}") = "UnityEngine.Purchasing.AppleMacosStub", "UnityEngine.Purchasing.AppleMacosStub.csproj", "{FFC3DA4B-010E-5F5F-8A0A-CD6949013A92}"
EndProject
Project("{FAE04EC0-301F-11D3-BF4B-00C04F79EFBC}") = "Unity.ProBuilder.KdTree", "Unity.ProBuilder.KdTree.csproj", "{CBF5EACA-C0CE-CF52-530E-614F919927E0}"
EndProject
Project("{FAE04EC0-301F-11D3-BF4B-00C04F79EFBC}") = "Unity.VisualEffectGraph.Runtime.Tests", "Unity.VisualEffectGraph.Runtime.Tests.csproj", "{CB85B716-2740-8F2B-4140-3EBC3051A9A2}"
EndProject
Project("{FAE04EC0-301F-11D3-BF4B-00C04F79EFBC}") = "UnityEngine.SpatialTracking.Tests", "UnityEngine.SpatialTracking.Tests.csproj", "{00A9D1AE-9F28-C895-8916-9CE23C1F8C2B}"
EndProject
Project("{FAE04EC0-301F-11D3-BF4B-00C04F79EFBC}") = "Unity.TextMeshPro.Tests", "Unity.TextMeshPro.Tests.csproj", "{385BCB29-3C6E-8B82-8F28-24DA2173C11E}"
EndProject
Project("{FAE04EC0-301F-11D3-BF4B-00C04F79EFBC}") = "Unity.RenderPipelines.Core.ShaderLibrary", "Unity.RenderPipelines.Core.ShaderLibrary.csproj", "{5B12F025-6145-1ADC-03AF-BD41FD651811}"
EndProject
Project("{FAE04EC0-301F-11D3-BF4B-00C04F79EFBC}") = "HBAO.Demo.Universal.Runtime", "HBAO.Demo.Universal.Runtime.csproj", "{7D89E3E1-CC53-0BA1-F041-32B137EC7269}"
EndProject
Project("{FAE04EC0-301F-11D3-BF4B-00C04F79EFBC}") = "SeparateAssembly", "SeparateAssembly.csproj", "{1D3805E2-64C2-4A10-4640-5ED0BD12D63A}"
EndProject
Project("{FAE04EC0-301F-11D3-BF4B-00C04F79EFBC}") = "HBAO.Universal.Runtime", "HBAO.Universal.Runtime.csproj", "{D54B4453-99D9-74DF-5467-BEFF2F8C3A05}"
EndProject
Project("{FAE04EC0-301F-11D3-BF4B-00C04F79EFBC}") = "HBAO.Runtime", "HBAO.Runtime.csproj", "{5D815B01-9627-85C1-2AD4-056BB0AB592B}"
EndProject
Project("{FAE04EC0-301F-11D3-BF4B-00C04F79EFBC}") = "Unity.Analytics.DataPrivacy", "Unity.Analytics.DataPrivacy.csproj", "{5C0E6075-D842-AE31-FDFE-38029C94E5F7}"
EndProject
Project("{FAE04EC0-301F-11D3-BF4B-00C04F79EFBC}") = "UnityEngine.SpatialTracking", "UnityEngine.SpatialTracking.csproj", "{E6287FEF-C8BA-6D31-29D9-4FC0CDCDB938}"
EndProject
Project("{FAE04EC0-301F-11D3-BF4B-00C04F79EFBC}") = "Unity.RenderPipeline.Universal.ShaderLibrary", "Unity.RenderPipeline.Universal.ShaderLibrary.csproj", "{221EEC12-FAC7-BFE2-99E3-4274218F2A3C}"
EndProject
Project("{FAE04EC0-301F-11D3-BF4B-00C04F79EFBC}") = "Substance.EditorHelper", "Substance.EditorHelper.csproj", "{B82EF13D-39AA-317C-E356-D84B401FB08B}"
EndProject
Project("{FAE04EC0-301F-11D3-BF4B-00C04F79EFBC}") = "Unity.Analytics.DataPrivacy.Tests", "Unity.Analytics.DataPrivacy.Tests.csproj", "{3D3E3C36-8687-E161-24D5-8E1A011D6BEA}"
EndProject
Project("{FAE04EC0-301F-11D3-BF4B-00C04F79EFBC}") = "UnityEngine.Purchasing.Codeless", "UnityEngine.Purchasing.Codeless.csproj", "{286BFAAB-07BC-0055-647F-A957A9B9293A}"
EndProject
Project("{FAE04EC0-301F-11D3-BF4B-00C04F79EFBC}") = "com.unity.cinemachine.Tests", "com.unity.cinemachine.Tests.csproj", "{E37925DA-34A2-93FE-170D-31B5C6C0AEE9}"
EndProject
Project("{FAE04EC0-301F-11D3-BF4B-00C04F79EFBC}") = "Unity.ProBuilder.Stl", "Unity.ProBuilder.Stl.csproj", "{587B9FEE-E54D-C118-78F9-A732DB4DCAA0}"
EndProject
Project("{FAE04EC0-301F-11D3-BF4B-00C04F79EFBC}") = "UnityEngine.Purchasing.AppleStub", "UnityEngine.Purchasing.AppleStub.csproj", "{AEF1DC34-9838-1885-E4DA-48DE8B9BC343}"
EndProject
Project("{FAE04EC0-301F-11D3-BF4B-00C04F79EFBC}") = "Unity.RenderPipelines.Universal.Shaders", "Unity.RenderPipelines.Universal.Shaders.csproj", "{92B6A197-E4FC-E5F4-A972-DC2448284606}"
EndProject
Project("{FAE04EC0-301F-11D3-BF4B-00C04F79EFBC}") = "Unity.RenderPipelines.ShaderGraph.ShaderGraphLibrary", "Unity.RenderPipelines.ShaderGraph.ShaderGraphLibrary.csproj", "{EFE92984-421D-ADE3-20BD-FF41A0BF6C08}"
EndProject
Project("{FAE04EC0-301F-11D3-BF4B-00C04F79EFBC}") = "Substance.Platform", "Substance.Platform.csproj", "{B34BFDEE-4F66-CF1B-59EF-7AC3D320E801}"
EndProject
Project("{FAE04EC0-301F-11D3-BF4B-00C04F79EFBC}") = "Unity.PlasticSCM.Editor", "Unity.PlasticSCM.Editor.csproj", "{CAF7D82A-5E3E-DF14-6943-26870CE3EC5F}"
EndProject
Project("{FAE04EC0-301F-11D3-BF4B-00C04F79EFBC}") = "AmplifyShaderEditor", "AmplifyShaderEditor.csproj", "{3AB49371-7FAE-0111-12B0-BDFEDCC6A36C}"
EndProject
Project("{FAE04EC0-301F-11D3-BF4B-00C04F79EFBC}") = "Unity.ShaderGraph.Editor", "Unity.ShaderGraph.Editor.csproj", "{2CF9DE0F-1CE9-5825-708A-AFE33F087DB1}"
EndProject
Project("{FAE04EC0-301F-11D3-BF4B-00C04F79EFBC}") = "Unity.VisualEffectGraph.Editor", "Unity.VisualEffectGraph.Editor.csproj", "{F668B7F3-E397-AA24-842F-3F272F22AB76}"
EndProject
Project("{FAE04EC0-301F-11D3-BF4B-00C04F79EFBC}") = "Unity.VisualStudio.Editor", "Unity.VisualStudio.Editor.csproj", "{C5CEE6A7-2A69-2D8F-BD05-E21170F0695C}"
EndProject
Project("{FAE04EC0-301F-11D3-BF4B-00C04F79EFBC}") = "Unity.ProBuilder.Editor", "Unity.ProBuilder.Editor.csproj", "{428F1A9F-A304-FEAE-FFC9-F07F6913B444}"
EndProject
Project("{FAE04EC0-301F-11D3-BF4B-00C04F79EFBC}") = "com.unity.cinemachine.editor", "com.unity.cinemachine.editor.csproj", "{1CDD1BE1-D909-3BF8-8E18-40BFB6B93DB0}"
EndProject
Project("{FAE04EC0-301F-11D3-BF4B-00C04F79EFBC}") = "Unity.Timeline.Editor", "Unity.Timeline.Editor.csproj", "{A89967B7-7E11-B793-71A3-5A1264B923A3}"
EndProject
Project("{FAE04EC0-301F-11D3-BF4B-00C04F79EFBC}") = "Unity.TextMeshPro.Editor", "Unity.TextMeshPro.Editor.csproj", "{C5CB87CE-3571-804F-C557-5865734F767E}"
EndProject
Project("{FAE04EC0-301F-11D3-BF4B-00C04F79EFBC}") = "HoudiniEngineUnityEditor", "HoudiniEngineUnityEditor.csproj", "{C8301CA0-A151-BA6F-7E15-22E2381D9D0B}"
EndProject
Project("{FAE04EC0-301F-11D3-BF4B-00C04F79EFBC}") = "Unity.CollabProxy.Editor", "Unity.CollabProxy.Editor.csproj", "{745E8815-4288-6ADA-52C4-5F82209673C4}"
EndProject
Project("{FAE04EC0-301F-11D3-BF4B-00C04F79EFBC}") = "DocCodeExamples", "DocCodeExamples.csproj", "{7217A4E6-9928-189D-B4AD-F2D64CE119D1}"
EndProject
Project("{FAE04EC0-301F-11D3-BF4B-00C04F79EFBC}") = "UnityEditor.TestRunner", "UnityEditor.TestRunner.csproj", "{06FD8F96-2076-223F-33B2-F707BB841343}"
EndProject
Project("{FAE04EC0-301F-11D3-BF4B-00C04F79EFBC}") = "Assembly-CSharp-Editor", "Assembly-CSharp-Editor.csproj", "{082C76CD-58BB-5A99-F468-A4392D6F45A0}"
EndProject
Project("{FAE04EC0-301F-11D3-BF4B-00C04F79EFBC}") = "UnityEngine.Advertisements.Editor", "UnityEngine.Advertisements.Editor.csproj", "{C69CA156-8B27-FFA5-A9C6-7559089E6E8E}"
EndProject
Project("{FAE04EC0-301F-11D3-BF4B-00C04F79EFBC}") = "Unity.Rider.Editor", "Unity.Rider.Editor.csproj", "{DB34E299-BDBF-4C55-A688-EB9FC43A87B8}"
EndProject
Project("{FAE04EC0-301F-11D3-BF4B-00C04F79EFBC}") = "Unity.Analytics.StandardEvents.EditorTests", "Unity.Analytics.StandardEvents.EditorTests.csproj", "{8D8FB185-386A-C187-0063-1AD916AADD48}"
EndProject
Project("{FAE04EC0-301F-11D3-BF4B-00C04F79EFBC}") = "Unity.RenderPipelines.Universal.Editor", "Unity.RenderPipelines.Universal.Editor.csproj", "{C1628D1D-A654-83DB-D76A-F028B5357FF1}"
EndProject
Project("{FAE04EC0-301F-11D3-BF4B-00C04F79EFBC}") = "Unity.ShaderGraph.Editor.Tests", "Unity.ShaderGraph.Editor.Tests.csproj", "{AD3BFB81-A081-3005-75B0-4CCA040EA40C}"
EndProject
Project("{FAE04EC0-301F-11D3-BF4B-00C04F79EFBC}") = "Unity.Services.Core.Editor", "Unity.Services.Core.Editor.csproj", "{E72FF6E0-1307-FE04-885B-AD2EBC4B5674}"
EndProject
Project("{FAE04EC0-301F-11D3-BF4B-00C04F79EFBC}") = "Unity.Animation.Rigging.Editor", "Unity.Animation.Rigging.Editor.csproj", "{CAF1F82F-FC47-FCBD-713D-31E06502A5CD}"
EndProject
Project("{FAE04EC0-301F-11D3-BF4B-00C04F79EFBC}") = "Unity.PlasticSCM.EditorTests", "Unity.PlasticSCM.EditorTests.csproj", "{D35C4471-84A2-36D0-6E1D-87DDC08ED7E1}"
EndProject
Project("{FAE04EC0-301F-11D3-BF4B-00C04F79EFBC}") = "UnityEngine.Advertisements.DevX.Editor", "UnityEngine.Advertisements.DevX.Editor.csproj", "{8752BBF8-9874-4AE7-9385-DACD125A0142}"
EndProject
Project("{FAE04EC0-301F-11D3-BF4B-00C04F79EFBC}") = "Unity.RenderPipelines.Core.Editor", "Unity.RenderPipelines.Core.Editor.csproj", "{F5B4BDD9-1372-979E-C689-5C369AE9E117}"
EndProject
Project("{FAE04EC0-301F-11D3-BF4B-00C04F79EFBC}") = "Unity.Mathematics.Tests", "Unity.Mathematics.Tests.csproj", "{150C7BE8-A3E4-E9F6-3A45-F9A8D834824C}"
EndProject
Project("{FAE04EC0-301F-11D3-BF4B-00C04F79EFBC}") = "Unity.Searcher.Editor", "Unity.Searcher.Editor.csproj", "{62F17392-2357-8547-7CFB-B171B35AD5C8}"
EndProject
Project("{FAE04EC0-301F-11D3-BF4B-00C04F79EFBC}") = "UnityEditor.Purchasing", "UnityEditor.Purchasing.csproj", "{113CE6E8-E0CB-DCD8-1828-7BC4CD8384C2}"
EndProject
Project("{FAE04EC0-301F-11D3-BF4B-00C04F79EFBC}") = "UnityEngine.Advertisements.Editor.Tests", "UnityEngine.Advertisements.Editor.Tests.csproj", "{F3126928-C756-E3C5-24A1-D80E6C300C4F}"
EndProject
Project("{FAE04EC0-301F-11D3-BF4B-00C04F79EFBC}") = "Unity.CollabProxy.EditorTests", "Unity.CollabProxy.EditorTests.csproj", "{9D615061-2F3C-2A84-FF17-25556A8B4CB3}"
EndProject
Project("{FAE04EC0-301F-11D3-BF4B-00C04F79EFBC}") = "Unity.2D.Tilemap.Editor", "Unity.2D.Tilemap.Editor.csproj", "{FE5367A0-6075-DF70-AA1C-7C8438FA515E}"
EndProject
Project("{FAE04EC0-301F-11D3-BF4B-00C04F79EFBC}") = "UnityEditor.UI.EditorTests", "UnityEditor.UI.EditorTests.csproj", "{745BA954-92E2-AD65-EDE8-43C02B2ACA5E}"
EndProject
Project("{FAE04EC0-301F-11D3-BF4B-00C04F79EFBC}") = "Unity.VSCode.Editor", "Unity.VSCode.Editor.csproj", "{07C980EB-FEE1-9B9E-DD68-741C962B701C}"
EndProject
Project("{FAE04EC0-301F-11D3-BF4B-00C04F79EFBC}") = "Unity.ProBuilder.AssetIdRemapUtility", "Unity.ProBuilder.AssetIdRemapUtility.csproj", "{89432D89-740E-7E9B-8CDF-826FD60C5492}"
EndProject
Project("{FAE04EC0-301F-11D3-BF4B-00C04F79EFBC}") = "Unity.2D.Sprite.Editor", "Unity.2D.Sprite.Editor.csproj", "{F6E64ACC-F4E7-6455-DAFB-7B1CF71E0B0F}"
EndProject
Project("{FAE04EC0-301F-11D3-BF4B-00C04F79EFBC}") = "UnityEditor.UI", "UnityEditor.UI.csproj", "{1A2E62E6-87EC-9E75-CEC4-CD5B894E3C2F}"
EndProject
Project("{FAE04EC0-301F-11D3-BF4B-00C04F79EFBC}") = "Unity.Settings.Editor", "Unity.Settings.Editor.csproj", "{C435FD3D-45AE-3491-1FC1-9BAD66F2B71C}"
EndProject
Project("{FAE04EC0-301F-11D3-BF4B-00C04F79EFBC}") = "UnityEditor.SpatialTracking", "UnityEditor.SpatialTracking.csproj", "{6527B074-1608-2771-EFC1-C72EE999A824}"
EndProject
Project("{FAE04EC0-301F-11D3-BF4B-00C04F79EFBC}") = "Unity.Mathematics.Editor", "Unity.Mathematics.Editor.csproj", "{2179BDC1-00FF-A1BD-DAE3-C4ABE17CB415}"
EndProject
Project("{FAE04EC0-301F-11D3-BF4B-00C04F79EFBC}") = "HBAO.Editor", "HBAO.Editor.csproj", "{61BC5FF3-691E-4359-997E-93D068605D90}"
EndProject
Project("{FAE04EC0-301F-11D3-BF4B-00C04F79EFBC}") = "Unity.Burst.Editor", "Unity.Burst.Editor.csproj", "{8364DA3D-AF92-9F54-E34E-EBFCA318EF4E}"
EndProject
Project("{FAE04EC0-301F-11D3-BF4B-00C04F79EFBC}") = "UnityEditor.XR.LegacyInputHelpers", "UnityEditor.XR.LegacyInputHelpers.csproj", "{B9512A30-7FD0-16F7-E45B-5F41192B2F13}"
EndProject
Project("{FAE04EC0-301F-11D3-BF4B-00C04F79EFBC}") = "Unity.RenderPipelines.Core.Editor.Tests", "Unity.RenderPipelines.Core.Editor.Tests.csproj", "{3750DE5F-8D7D-4512-B9B6-AC77A0026BC1}"
EndProject
Project("{FAE04EC0-301F-11D3-BF4B-00C04F79EFBC}") = "HBAO.Universal.Editor", "HBAO.Universal.Editor.csproj", "{4DFEEE69-9179-2DE8-B301-81C30F7045AF}"
EndProject
Project("{FAE04EC0-301F-11D3-BF4B-00C04F79EFBC}") = "Unity.Searcher.EditorTests", "Unity.Searcher.EditorTests.csproj", "{653CB20F-1E37-0719-6DE3-35A5DE2DECB2}"
EndProject
Project("{FAE04EC0-301F-11D3-BF4B-00C04F79EFBC}") = "com.unity.cinemachine.EditorTests", "com.unity.cinemachine.EditorTests.csproj", "{8C2842EA-1D0F-4B13-C24C-27C0CCE753EA}"
EndProject
Project("{FAE04EC0-301F-11D3-BF4B-00C04F79EFBC}") = "UnityEngine.Monetization.Editor.Tests", "UnityEngine.Monetization.Editor.Tests.csproj", "{4FE6340D-F836-C873-F25C-44C63829AD74}"
EndProject
Project("{FAE04EC0-301F-11D3-BF4B-00C04F79EFBC}") = "Unity.Settings.Tests", "Unity.Settings.Tests.csproj", "{0F86C8CC-2DC5-26C7-0034-6AF7F440142D}"
EndProject
Project("{FAE04EC0-301F-11D3-BF4B-00C04F79EFBC}") = "Unity.ShaderGraph.Utilities", "Unity.ShaderGraph.Utilities.csproj", "{6FDFEFB4-1349-622E-1336-73100C66DE64}"
EndProject
Project("{FAE04EC0-301F-11D3-BF4B-00C04F79EFBC}") = "Unity.VisualEffectGraph.Editor.Tests", "Unity.VisualEffectGraph.Editor.Tests.csproj", "{17D428DA-8ADA-3410-897D-1433020A79E7}"
EndProject
Project("{FAE04EC0-301F-11D3-BF4B-00C04F79EFBC}") = "UnityEditor.XR.LegacyInputHelpers.Tests", "UnityEditor.XR.LegacyInputHelpers.Tests.csproj", "{3F9C9F07-8B6E-1195-5DC3-716157DFD241}"
EndProject
Project("{FAE04EC0-301F-11D3-BF4B-00C04F79EFBC}") = "Unity.2D.Sprite.Package.EditorTests", "Unity.2D.Sprite.Package.EditorTests.csproj", "{F23F6870-69C7-E772-6AE0-FA4145ED8289}"
EndProject
Project("{FAE04EC0-301F-11D3-BF4B-00C04F79EFBC}") = "Unity.Nuget.NewtonsoftJson.EditorTests", "Unity.Nuget.NewtonsoftJson.EditorTests.csproj", "{CCB66A13-4F96-B0DC-7B42-133DA54A2657}"
EndProject
Project("{FAE04EC0-301F-11D3-BF4B-00C04F79EFBC}") = "Unity.ProBuilder.AddOns.Editor", "Unity.ProBuilder.AddOns.Editor.csproj", "{686E5B84-A17A-4305-5A00-D2B5BC0434E3}"
EndProject
Project("{FAE04EC0-301F-11D3-BF4B-00C04F79EFBC}") = "Analytics", "Analytics.csproj", "{16C2FEA9-746D-1B9D-4B7C-E081312F8E0B}"
EndProject
Project("{FAE04EC0-301F-11D3-BF4B-00C04F79EFBC}") = "Unity.RenderPipelines.Universal.Editor.Tests", "Unity.RenderPipelines.Universal.Editor.Tests.csproj", "{21FDD3F8-50DF-A5A0-F591-966C8734A29C}"
EndProject
Project("{FAE04EC0-301F-11D3-BF4B-00C04F79EFBC}") = "Unity.2D.Tilemap.Package.EditorTests", "Unity.2D.Tilemap.Package.EditorTests.csproj", "{1698B278-57E9-D89B-3AB2-5A6084FEEDA5}"
EndProject
Project("{FAE04EC0-301F-11D3-BF4B-00C04F79EFBC}") = "Unity.Burst.Editor.Tests", "Unity.Burst.Editor.Tests.csproj", "{1B4387C7-AE07-A1F6-A29E-B4F349F3B548}"
EndProject
Project("{FAE04EC0-301F-11D3-BF4B-00C04F79EFBC}") = "Unity.TextMeshPro.Editor.Tests", "Unity.TextMeshPro.Editor.Tests.csproj", "{14D5A017-9C00-9F55-4B8C-8A1418E63AAF}"
EndProject
Global
	GlobalSection(SolutionConfigurationPlatforms) = preSolution
		Debug|Any CPU = Debug|Any CPU
		Release|Any CPU = Release|Any CPU
	EndGlobalSection
	GlobalSection(ProjectConfigurationPlatforms) = postSolution
		{6D76C67F-81E9-CAC2-6335-153522CA1277}.Debug|Any CPU.ActiveCfg = Debug|Any CPU
		{6D76C67F-81E9-CAC2-6335-153522CA1277}.Debug|Any CPU.Build.0 = Debug|Any CPU
		{6D76C67F-81E9-CAC2-6335-153522CA1277}.Release|Any CPU.ActiveCfg = Release|Any CPU
		{6D76C67F-81E9-CAC2-6335-153522CA1277}.Release|Any CPU.Build.0 = Release|Any CPU
		{24FFB305-FD5C-B8AF-B7DD-820F3A95B87C}.Debug|Any CPU.ActiveCfg = Debug|Any CPU
		{24FFB305-FD5C-B8AF-B7DD-820F3A95B87C}.Debug|Any CPU.Build.0 = Debug|Any CPU
		{24FFB305-FD5C-B8AF-B7DD-820F3A95B87C}.Release|Any CPU.ActiveCfg = Release|Any CPU
		{24FFB305-FD5C-B8AF-B7DD-820F3A95B87C}.Release|Any CPU.Build.0 = Release|Any CPU
		{220F2A3E-AE7E-82D1-51F5-49FC9EE22CFE}.Debug|Any CPU.ActiveCfg = Debug|Any CPU
		{220F2A3E-AE7E-82D1-51F5-49FC9EE22CFE}.Debug|Any CPU.Build.0 = Debug|Any CPU
		{220F2A3E-AE7E-82D1-51F5-49FC9EE22CFE}.Release|Any CPU.ActiveCfg = Release|Any CPU
		{220F2A3E-AE7E-82D1-51F5-49FC9EE22CFE}.Release|Any CPU.Build.0 = Release|Any CPU
		{697C13D0-F417-E83F-5866-DB394A65AA9E}.Debug|Any CPU.ActiveCfg = Debug|Any CPU
		{697C13D0-F417-E83F-5866-DB394A65AA9E}.Debug|Any CPU.Build.0 = Debug|Any CPU
		{697C13D0-F417-E83F-5866-DB394A65AA9E}.Release|Any CPU.ActiveCfg = Release|Any CPU
		{697C13D0-F417-E83F-5866-DB394A65AA9E}.Release|Any CPU.Build.0 = Release|Any CPU
		{3DBE258F-FCA9-E4BE-4B18-BB6C17798869}.Debug|Any CPU.ActiveCfg = Debug|Any CPU
		{3DBE258F-FCA9-E4BE-4B18-BB6C17798869}.Debug|Any CPU.Build.0 = Debug|Any CPU
		{3DBE258F-FCA9-E4BE-4B18-BB6C17798869}.Release|Any CPU.ActiveCfg = Release|Any CPU
		{3DBE258F-FCA9-E4BE-4B18-BB6C17798869}.Release|Any CPU.Build.0 = Release|Any CPU
		{BF58E162-3CA0-BB4E-D978-904E9B9F0F8B}.Debug|Any CPU.ActiveCfg = Debug|Any CPU
		{BF58E162-3CA0-BB4E-D978-904E9B9F0F8B}.Debug|Any CPU.Build.0 = Debug|Any CPU
		{BF58E162-3CA0-BB4E-D978-904E9B9F0F8B}.Release|Any CPU.ActiveCfg = Release|Any CPU
		{BF58E162-3CA0-BB4E-D978-904E9B9F0F8B}.Release|Any CPU.Build.0 = Release|Any CPU
		{865A9475-7366-06AE-B330-B9C4045977BC}.Debug|Any CPU.ActiveCfg = Debug|Any CPU
		{865A9475-7366-06AE-B330-B9C4045977BC}.Debug|Any CPU.Build.0 = Debug|Any CPU
		{865A9475-7366-06AE-B330-B9C4045977BC}.Release|Any CPU.ActiveCfg = Release|Any CPU
		{865A9475-7366-06AE-B330-B9C4045977BC}.Release|Any CPU.Build.0 = Release|Any CPU
		{BA6B033E-C62E-E754-4BDE-A0830738E9AC}.Debug|Any CPU.ActiveCfg = Debug|Any CPU
		{BA6B033E-C62E-E754-4BDE-A0830738E9AC}.Debug|Any CPU.Build.0 = Debug|Any CPU
		{BA6B033E-C62E-E754-4BDE-A0830738E9AC}.Release|Any CPU.ActiveCfg = Release|Any CPU
		{BA6B033E-C62E-E754-4BDE-A0830738E9AC}.Release|Any CPU.Build.0 = Release|Any CPU
		{4DE2F9D6-EA50-1E23-5798-DE1731D7029E}.Debug|Any CPU.ActiveCfg = Debug|Any CPU
		{4DE2F9D6-EA50-1E23-5798-DE1731D7029E}.Debug|Any CPU.Build.0 = Debug|Any CPU
		{4DE2F9D6-EA50-1E23-5798-DE1731D7029E}.Release|Any CPU.ActiveCfg = Release|Any CPU
		{4DE2F9D6-EA50-1E23-5798-DE1731D7029E}.Release|Any CPU.Build.0 = Release|Any CPU
		{A9DB3013-0253-CED8-29F9-C6B6FF97D91A}.Debug|Any CPU.ActiveCfg = Debug|Any CPU
		{A9DB3013-0253-CED8-29F9-C6B6FF97D91A}.Debug|Any CPU.Build.0 = Debug|Any CPU
		{A9DB3013-0253-CED8-29F9-C6B6FF97D91A}.Release|Any CPU.ActiveCfg = Release|Any CPU
		{A9DB3013-0253-CED8-29F9-C6B6FF97D91A}.Release|Any CPU.Build.0 = Release|Any CPU
		{5CA8C0A3-84C5-BAC4-E37F-3D56B9A72232}.Debug|Any CPU.ActiveCfg = Debug|Any CPU
		{5CA8C0A3-84C5-BAC4-E37F-3D56B9A72232}.Debug|Any CPU.Build.0 = Debug|Any CPU
		{5CA8C0A3-84C5-BAC4-E37F-3D56B9A72232}.Release|Any CPU.ActiveCfg = Release|Any CPU
		{5CA8C0A3-84C5-BAC4-E37F-3D56B9A72232}.Release|Any CPU.Build.0 = Release|Any CPU
		{65736B7D-845B-A28A-E9C0-658A72CCDE84}.Debug|Any CPU.ActiveCfg = Debug|Any CPU
		{65736B7D-845B-A28A-E9C0-658A72CCDE84}.Debug|Any CPU.Build.0 = Debug|Any CPU
		{65736B7D-845B-A28A-E9C0-658A72CCDE84}.Release|Any CPU.ActiveCfg = Release|Any CPU
		{65736B7D-845B-A28A-E9C0-658A72CCDE84}.Release|Any CPU.Build.0 = Release|Any CPU
		{85DD7EBE-3652-9372-97DD-2723B2C69971}.Debug|Any CPU.ActiveCfg = Debug|Any CPU
		{85DD7EBE-3652-9372-97DD-2723B2C69971}.Debug|Any CPU.Build.0 = Debug|Any CPU
		{85DD7EBE-3652-9372-97DD-2723B2C69971}.Release|Any CPU.ActiveCfg = Release|Any CPU
		{85DD7EBE-3652-9372-97DD-2723B2C69971}.Release|Any CPU.Build.0 = Release|Any CPU
		{AE5258B7-3DA0-049D-B45F-9C1E91EED1BD}.Debug|Any CPU.ActiveCfg = Debug|Any CPU
		{AE5258B7-3DA0-049D-B45F-9C1E91EED1BD}.Debug|Any CPU.Build.0 = Debug|Any CPU
		{AE5258B7-3DA0-049D-B45F-9C1E91EED1BD}.Release|Any CPU.ActiveCfg = Release|Any CPU
		{AE5258B7-3DA0-049D-B45F-9C1E91EED1BD}.Release|Any CPU.Build.0 = Release|Any CPU
		{4503B333-4783-8F0C-559D-5797900427F1}.Debug|Any CPU.ActiveCfg = Debug|Any CPU
		{4503B333-4783-8F0C-559D-5797900427F1}.Debug|Any CPU.Build.0 = Debug|Any CPU
		{4503B333-4783-8F0C-559D-5797900427F1}.Release|Any CPU.ActiveCfg = Release|Any CPU
		{4503B333-4783-8F0C-559D-5797900427F1}.Release|Any CPU.Build.0 = Release|Any CPU
		{ADF2D455-E630-685B-A55B-B75722DF519A}.Debug|Any CPU.ActiveCfg = Debug|Any CPU
		{ADF2D455-E630-685B-A55B-B75722DF519A}.Debug|Any CPU.Build.0 = Debug|Any CPU
		{ADF2D455-E630-685B-A55B-B75722DF519A}.Release|Any CPU.ActiveCfg = Release|Any CPU
		{ADF2D455-E630-685B-A55B-B75722DF519A}.Release|Any CPU.Build.0 = Release|Any CPU
		{4DBB2404-6E74-A67D-3393-D75BE6E86F90}.Debug|Any CPU.ActiveCfg = Debug|Any CPU
		{4DBB2404-6E74-A67D-3393-D75BE6E86F90}.Debug|Any CPU.Build.0 = Debug|Any CPU
		{4DBB2404-6E74-A67D-3393-D75BE6E86F90}.Release|Any CPU.ActiveCfg = Release|Any CPU
		{4DBB2404-6E74-A67D-3393-D75BE6E86F90}.Release|Any CPU.Build.0 = Release|Any CPU
		{EB12F898-3F4C-27F3-605B-AE35E59F92D7}.Debug|Any CPU.ActiveCfg = Debug|Any CPU
		{EB12F898-3F4C-27F3-605B-AE35E59F92D7}.Debug|Any CPU.Build.0 = Debug|Any CPU
		{EB12F898-3F4C-27F3-605B-AE35E59F92D7}.Release|Any CPU.ActiveCfg = Release|Any CPU
		{EB12F898-3F4C-27F3-605B-AE35E59F92D7}.Release|Any CPU.Build.0 = Release|Any CPU
		{73740EE2-0B6A-2BC3-A539-626F2B1D781F}.Debug|Any CPU.ActiveCfg = Debug|Any CPU
		{73740EE2-0B6A-2BC3-A539-626F2B1D781F}.Debug|Any CPU.Build.0 = Debug|Any CPU
		{73740EE2-0B6A-2BC3-A539-626F2B1D781F}.Release|Any CPU.ActiveCfg = Release|Any CPU
		{73740EE2-0B6A-2BC3-A539-626F2B1D781F}.Release|Any CPU.Build.0 = Release|Any CPU
		{22E0CA7B-B8C1-6AD2-56C3-B6A186D9CE67}.Debug|Any CPU.ActiveCfg = Debug|Any CPU
		{22E0CA7B-B8C1-6AD2-56C3-B6A186D9CE67}.Debug|Any CPU.Build.0 = Debug|Any CPU
		{22E0CA7B-B8C1-6AD2-56C3-B6A186D9CE67}.Release|Any CPU.ActiveCfg = Release|Any CPU
		{22E0CA7B-B8C1-6AD2-56C3-B6A186D9CE67}.Release|Any CPU.Build.0 = Release|Any CPU
		{B2796A59-653A-74ED-C87D-D96A253F6760}.Debug|Any CPU.ActiveCfg = Debug|Any CPU
		{B2796A59-653A-74ED-C87D-D96A253F6760}.Debug|Any CPU.Build.0 = Debug|Any CPU
		{B2796A59-653A-74ED-C87D-D96A253F6760}.Release|Any CPU.ActiveCfg = Release|Any CPU
		{B2796A59-653A-74ED-C87D-D96A253F6760}.Release|Any CPU.Build.0 = Release|Any CPU
		{D235B983-00F3-D57C-92E3-FC2584683C14}.Debug|Any CPU.ActiveCfg = Debug|Any CPU
		{D235B983-00F3-D57C-92E3-FC2584683C14}.Debug|Any CPU.Build.0 = Debug|Any CPU
		{D235B983-00F3-D57C-92E3-FC2584683C14}.Release|Any CPU.ActiveCfg = Release|Any CPU
		{D235B983-00F3-D57C-92E3-FC2584683C14}.Release|Any CPU.Build.0 = Release|Any CPU
		{41BEFAD3-71CF-03A8-8BFE-B879E28EBCF3}.Debug|Any CPU.ActiveCfg = Debug|Any CPU
		{41BEFAD3-71CF-03A8-8BFE-B879E28EBCF3}.Debug|Any CPU.Build.0 = Debug|Any CPU
		{41BEFAD3-71CF-03A8-8BFE-B879E28EBCF3}.Release|Any CPU.ActiveCfg = Release|Any CPU
		{41BEFAD3-71CF-03A8-8BFE-B879E28EBCF3}.Release|Any CPU.Build.0 = Release|Any CPU
		{B6971EB2-722A-C025-AD7E-9944B17FC7D7}.Debug|Any CPU.ActiveCfg = Debug|Any CPU
		{B6971EB2-722A-C025-AD7E-9944B17FC7D7}.Debug|Any CPU.Build.0 = Debug|Any CPU
		{B6971EB2-722A-C025-AD7E-9944B17FC7D7}.Release|Any CPU.ActiveCfg = Release|Any CPU
		{B6971EB2-722A-C025-AD7E-9944B17FC7D7}.Release|Any CPU.Build.0 = Release|Any CPU
		{B706F76D-2D29-FF83-852C-49EC3159E7C4}.Debug|Any CPU.ActiveCfg = Debug|Any CPU
		{B706F76D-2D29-FF83-852C-49EC3159E7C4}.Debug|Any CPU.Build.0 = Debug|Any CPU
		{B706F76D-2D29-FF83-852C-49EC3159E7C4}.Release|Any CPU.ActiveCfg = Release|Any CPU
		{B706F76D-2D29-FF83-852C-49EC3159E7C4}.Release|Any CPU.Build.0 = Release|Any CPU
		{38D61E59-4C09-1AEB-E0E7-F6438BAFF77B}.Debug|Any CPU.ActiveCfg = Debug|Any CPU
		{38D61E59-4C09-1AEB-E0E7-F6438BAFF77B}.Debug|Any CPU.Build.0 = Debug|Any CPU
		{38D61E59-4C09-1AEB-E0E7-F6438BAFF77B}.Release|Any CPU.ActiveCfg = Release|Any CPU
		{38D61E59-4C09-1AEB-E0E7-F6438BAFF77B}.Release|Any CPU.Build.0 = Release|Any CPU
		{BC94AFD8-85F1-0202-A12A-01B608BF160E}.Debug|Any CPU.ActiveCfg = Debug|Any CPU
		{BC94AFD8-85F1-0202-A12A-01B608BF160E}.Debug|Any CPU.Build.0 = Debug|Any CPU
		{BC94AFD8-85F1-0202-A12A-01B608BF160E}.Release|Any CPU.ActiveCfg = Release|Any CPU
		{BC94AFD8-85F1-0202-A12A-01B608BF160E}.Release|Any CPU.Build.0 = Release|Any CPU
		{33569B5D-8FF6-38BD-B6C8-16D83BFD0A3D}.Debug|Any CPU.ActiveCfg = Debug|Any CPU
		{33569B5D-8FF6-38BD-B6C8-16D83BFD0A3D}.Debug|Any CPU.Build.0 = Debug|Any CPU
		{33569B5D-8FF6-38BD-B6C8-16D83BFD0A3D}.Release|Any CPU.ActiveCfg = Release|Any CPU
		{33569B5D-8FF6-38BD-B6C8-16D83BFD0A3D}.Release|Any CPU.Build.0 = Release|Any CPU
		{9ECEB9C1-BC83-ED37-76DB-B5E3F1023DC2}.Debug|Any CPU.ActiveCfg = Debug|Any CPU
		{9ECEB9C1-BC83-ED37-76DB-B5E3F1023DC2}.Debug|Any CPU.Build.0 = Debug|Any CPU
		{9ECEB9C1-BC83-ED37-76DB-B5E3F1023DC2}.Release|Any CPU.ActiveCfg = Release|Any CPU
		{9ECEB9C1-BC83-ED37-76DB-B5E3F1023DC2}.Release|Any CPU.Build.0 = Release|Any CPU
		{FD997A1A-0422-F332-DB38-89864B4B1832}.Debug|Any CPU.ActiveCfg = Debug|Any CPU
		{FD997A1A-0422-F332-DB38-89864B4B1832}.Debug|Any CPU.Build.0 = Debug|Any CPU
		{FD997A1A-0422-F332-DB38-89864B4B1832}.Release|Any CPU.ActiveCfg = Release|Any CPU
		{FD997A1A-0422-F332-DB38-89864B4B1832}.Release|Any CPU.Build.0 = Release|Any CPU
		{CAC6F2D9-2DEE-9F93-1F1A-356090D597E8}.Debug|Any CPU.ActiveCfg = Debug|Any CPU
		{CAC6F2D9-2DEE-9F93-1F1A-356090D597E8}.Debug|Any CPU.Build.0 = Debug|Any CPU
		{CAC6F2D9-2DEE-9F93-1F1A-356090D597E8}.Release|Any CPU.ActiveCfg = Release|Any CPU
		{CAC6F2D9-2DEE-9F93-1F1A-356090D597E8}.Release|Any CPU.Build.0 = Release|Any CPU
		{03DD6665-6D2A-1213-973A-E62940873556}.Debug|Any CPU.ActiveCfg = Debug|Any CPU
		{03DD6665-6D2A-1213-973A-E62940873556}.Debug|Any CPU.Build.0 = Debug|Any CPU
		{03DD6665-6D2A-1213-973A-E62940873556}.Release|Any CPU.ActiveCfg = Release|Any CPU
		{03DD6665-6D2A-1213-973A-E62940873556}.Release|Any CPU.Build.0 = Release|Any CPU
		{85E33456-B2F3-2E40-3B58-C8AC9EEB0B10}.Debug|Any CPU.ActiveCfg = Debug|Any CPU
		{85E33456-B2F3-2E40-3B58-C8AC9EEB0B10}.Debug|Any CPU.Build.0 = Debug|Any CPU
		{85E33456-B2F3-2E40-3B58-C8AC9EEB0B10}.Release|Any CPU.ActiveCfg = Release|Any CPU
		{85E33456-B2F3-2E40-3B58-C8AC9EEB0B10}.Release|Any CPU.Build.0 = Release|Any CPU
		{7A77BCF0-30F4-6927-55D5-2611754ABF2D}.Debug|Any CPU.ActiveCfg = Debug|Any CPU
		{7A77BCF0-30F4-6927-55D5-2611754ABF2D}.Debug|Any CPU.Build.0 = Debug|Any CPU
		{7A77BCF0-30F4-6927-55D5-2611754ABF2D}.Release|Any CPU.ActiveCfg = Release|Any CPU
		{7A77BCF0-30F4-6927-55D5-2611754ABF2D}.Release|Any CPU.Build.0 = Release|Any CPU
		{7B717D42-69BE-7899-C29F-8EAD51CEC3AB}.Debug|Any CPU.ActiveCfg = Debug|Any CPU
		{7B717D42-69BE-7899-C29F-8EAD51CEC3AB}.Debug|Any CPU.Build.0 = Debug|Any CPU
		{7B717D42-69BE-7899-C29F-8EAD51CEC3AB}.Release|Any CPU.ActiveCfg = Release|Any CPU
		{7B717D42-69BE-7899-C29F-8EAD51CEC3AB}.Release|Any CPU.Build.0 = Release|Any CPU
		{4282EEFD-4415-AF0F-6882-6F7617FB36F0}.Debug|Any CPU.ActiveCfg = Debug|Any CPU
		{4282EEFD-4415-AF0F-6882-6F7617FB36F0}.Debug|Any CPU.Build.0 = Debug|Any CPU
		{4282EEFD-4415-AF0F-6882-6F7617FB36F0}.Release|Any CPU.ActiveCfg = Release|Any CPU
		{4282EEFD-4415-AF0F-6882-6F7617FB36F0}.Release|Any CPU.Build.0 = Release|Any CPU
		{FFC3DA4B-010E-5F5F-8A0A-CD6949013A92}.Debug|Any CPU.ActiveCfg = Debug|Any CPU
		{FFC3DA4B-010E-5F5F-8A0A-CD6949013A92}.Debug|Any CPU.Build.0 = Debug|Any CPU
		{FFC3DA4B-010E-5F5F-8A0A-CD6949013A92}.Release|Any CPU.ActiveCfg = Release|Any CPU
		{FFC3DA4B-010E-5F5F-8A0A-CD6949013A92}.Release|Any CPU.Build.0 = Release|Any CPU
		{CBF5EACA-C0CE-CF52-530E-614F919927E0}.Debug|Any CPU.ActiveCfg = Debug|Any CPU
		{CBF5EACA-C0CE-CF52-530E-614F919927E0}.Debug|Any CPU.Build.0 = Debug|Any CPU
		{CBF5EACA-C0CE-CF52-530E-614F919927E0}.Release|Any CPU.ActiveCfg = Release|Any CPU
		{CBF5EACA-C0CE-CF52-530E-614F919927E0}.Release|Any CPU.Build.0 = Release|Any CPU
		{CB85B716-2740-8F2B-4140-3EBC3051A9A2}.Debug|Any CPU.ActiveCfg = Debug|Any CPU
		{CB85B716-2740-8F2B-4140-3EBC3051A9A2}.Debug|Any CPU.Build.0 = Debug|Any CPU
		{CB85B716-2740-8F2B-4140-3EBC3051A9A2}.Release|Any CPU.ActiveCfg = Release|Any CPU
		{CB85B716-2740-8F2B-4140-3EBC3051A9A2}.Release|Any CPU.Build.0 = Release|Any CPU
		{00A9D1AE-9F28-C895-8916-9CE23C1F8C2B}.Debug|Any CPU.ActiveCfg = Debug|Any CPU
		{00A9D1AE-9F28-C895-8916-9CE23C1F8C2B}.Debug|Any CPU.Build.0 = Debug|Any CPU
		{00A9D1AE-9F28-C895-8916-9CE23C1F8C2B}.Release|Any CPU.ActiveCfg = Release|Any CPU
		{00A9D1AE-9F28-C895-8916-9CE23C1F8C2B}.Release|Any CPU.Build.0 = Release|Any CPU
		{385BCB29-3C6E-8B82-8F28-24DA2173C11E}.Debug|Any CPU.ActiveCfg = Debug|Any CPU
		{385BCB29-3C6E-8B82-8F28-24DA2173C11E}.Debug|Any CPU.Build.0 = Debug|Any CPU
		{385BCB29-3C6E-8B82-8F28-24DA2173C11E}.Release|Any CPU.ActiveCfg = Release|Any CPU
		{385BCB29-3C6E-8B82-8F28-24DA2173C11E}.Release|Any CPU.Build.0 = Release|Any CPU
		{5B12F025-6145-1ADC-03AF-BD41FD651811}.Debug|Any CPU.ActiveCfg = Debug|Any CPU
		{5B12F025-6145-1ADC-03AF-BD41FD651811}.Debug|Any CPU.Build.0 = Debug|Any CPU
		{5B12F025-6145-1ADC-03AF-BD41FD651811}.Release|Any CPU.ActiveCfg = Release|Any CPU
		{5B12F025-6145-1ADC-03AF-BD41FD651811}.Release|Any CPU.Build.0 = Release|Any CPU
		{7D89E3E1-CC53-0BA1-F041-32B137EC7269}.Debug|Any CPU.ActiveCfg = Debug|Any CPU
		{7D89E3E1-CC53-0BA1-F041-32B137EC7269}.Debug|Any CPU.Build.0 = Debug|Any CPU
		{7D89E3E1-CC53-0BA1-F041-32B137EC7269}.Release|Any CPU.ActiveCfg = Release|Any CPU
		{7D89E3E1-CC53-0BA1-F041-32B137EC7269}.Release|Any CPU.Build.0 = Release|Any CPU
		{1D3805E2-64C2-4A10-4640-5ED0BD12D63A}.Debug|Any CPU.ActiveCfg = Debug|Any CPU
		{1D3805E2-64C2-4A10-4640-5ED0BD12D63A}.Debug|Any CPU.Build.0 = Debug|Any CPU
		{1D3805E2-64C2-4A10-4640-5ED0BD12D63A}.Release|Any CPU.ActiveCfg = Release|Any CPU
		{1D3805E2-64C2-4A10-4640-5ED0BD12D63A}.Release|Any CPU.Build.0 = Release|Any CPU
		{D54B4453-99D9-74DF-5467-BEFF2F8C3A05}.Debug|Any CPU.ActiveCfg = Debug|Any CPU
		{D54B4453-99D9-74DF-5467-BEFF2F8C3A05}.Debug|Any CPU.Build.0 = Debug|Any CPU
		{D54B4453-99D9-74DF-5467-BEFF2F8C3A05}.Release|Any CPU.ActiveCfg = Release|Any CPU
		{D54B4453-99D9-74DF-5467-BEFF2F8C3A05}.Release|Any CPU.Build.0 = Release|Any CPU
		{5D815B01-9627-85C1-2AD4-056BB0AB592B}.Debug|Any CPU.ActiveCfg = Debug|Any CPU
		{5D815B01-9627-85C1-2AD4-056BB0AB592B}.Debug|Any CPU.Build.0 = Debug|Any CPU
		{5D815B01-9627-85C1-2AD4-056BB0AB592B}.Release|Any CPU.ActiveCfg = Release|Any CPU
		{5D815B01-9627-85C1-2AD4-056BB0AB592B}.Release|Any CPU.Build.0 = Release|Any CPU
		{5C0E6075-D842-AE31-FDFE-38029C94E5F7}.Debug|Any CPU.ActiveCfg = Debug|Any CPU
		{5C0E6075-D842-AE31-FDFE-38029C94E5F7}.Debug|Any CPU.Build.0 = Debug|Any CPU
		{5C0E6075-D842-AE31-FDFE-38029C94E5F7}.Release|Any CPU.ActiveCfg = Release|Any CPU
		{5C0E6075-D842-AE31-FDFE-38029C94E5F7}.Release|Any CPU.Build.0 = Release|Any CPU
		{E6287FEF-C8BA-6D31-29D9-4FC0CDCDB938}.Debug|Any CPU.ActiveCfg = Debug|Any CPU
		{E6287FEF-C8BA-6D31-29D9-4FC0CDCDB938}.Debug|Any CPU.Build.0 = Debug|Any CPU
		{E6287FEF-C8BA-6D31-29D9-4FC0CDCDB938}.Release|Any CPU.ActiveCfg = Release|Any CPU
		{E6287FEF-C8BA-6D31-29D9-4FC0CDCDB938}.Release|Any CPU.Build.0 = Release|Any CPU
		{221EEC12-FAC7-BFE2-99E3-4274218F2A3C}.Debug|Any CPU.ActiveCfg = Debug|Any CPU
		{221EEC12-FAC7-BFE2-99E3-4274218F2A3C}.Debug|Any CPU.Build.0 = Debug|Any CPU
		{221EEC12-FAC7-BFE2-99E3-4274218F2A3C}.Release|Any CPU.ActiveCfg = Release|Any CPU
		{221EEC12-FAC7-BFE2-99E3-4274218F2A3C}.Release|Any CPU.Build.0 = Release|Any CPU
		{B82EF13D-39AA-317C-E356-D84B401FB08B}.Debug|Any CPU.ActiveCfg = Debug|Any CPU
		{B82EF13D-39AA-317C-E356-D84B401FB08B}.Debug|Any CPU.Build.0 = Debug|Any CPU
		{B82EF13D-39AA-317C-E356-D84B401FB08B}.Release|Any CPU.ActiveCfg = Release|Any CPU
		{B82EF13D-39AA-317C-E356-D84B401FB08B}.Release|Any CPU.Build.0 = Release|Any CPU
		{3D3E3C36-8687-E161-24D5-8E1A011D6BEA}.Debug|Any CPU.ActiveCfg = Debug|Any CPU
		{3D3E3C36-8687-E161-24D5-8E1A011D6BEA}.Debug|Any CPU.Build.0 = Debug|Any CPU
		{3D3E3C36-8687-E161-24D5-8E1A011D6BEA}.Release|Any CPU.ActiveCfg = Release|Any CPU
		{3D3E3C36-8687-E161-24D5-8E1A011D6BEA}.Release|Any CPU.Build.0 = Release|Any CPU
		{286BFAAB-07BC-0055-647F-A957A9B9293A}.Debug|Any CPU.ActiveCfg = Debug|Any CPU
		{286BFAAB-07BC-0055-647F-A957A9B9293A}.Debug|Any CPU.Build.0 = Debug|Any CPU
		{286BFAAB-07BC-0055-647F-A957A9B9293A}.Release|Any CPU.ActiveCfg = Release|Any CPU
		{286BFAAB-07BC-0055-647F-A957A9B9293A}.Release|Any CPU.Build.0 = Release|Any CPU
		{E37925DA-34A2-93FE-170D-31B5C6C0AEE9}.Debug|Any CPU.ActiveCfg = Debug|Any CPU
		{E37925DA-34A2-93FE-170D-31B5C6C0AEE9}.Debug|Any CPU.Build.0 = Debug|Any CPU
		{E37925DA-34A2-93FE-170D-31B5C6C0AEE9}.Release|Any CPU.ActiveCfg = Release|Any CPU
		{E37925DA-34A2-93FE-170D-31B5C6C0AEE9}.Release|Any CPU.Build.0 = Release|Any CPU
		{587B9FEE-E54D-C118-78F9-A732DB4DCAA0}.Debug|Any CPU.ActiveCfg = Debug|Any CPU
		{587B9FEE-E54D-C118-78F9-A732DB4DCAA0}.Debug|Any CPU.Build.0 = Debug|Any CPU
		{587B9FEE-E54D-C118-78F9-A732DB4DCAA0}.Release|Any CPU.ActiveCfg = Release|Any CPU
		{587B9FEE-E54D-C118-78F9-A732DB4DCAA0}.Release|Any CPU.Build.0 = Release|Any CPU
		{AEF1DC34-9838-1885-E4DA-48DE8B9BC343}.Debug|Any CPU.ActiveCfg = Debug|Any CPU
		{AEF1DC34-9838-1885-E4DA-48DE8B9BC343}.Debug|Any CPU.Build.0 = Debug|Any CPU
		{AEF1DC34-9838-1885-E4DA-48DE8B9BC343}.Release|Any CPU.ActiveCfg = Release|Any CPU
		{AEF1DC34-9838-1885-E4DA-48DE8B9BC343}.Release|Any CPU.Build.0 = Release|Any CPU
		{92B6A197-E4FC-E5F4-A972-DC2448284606}.Debug|Any CPU.ActiveCfg = Debug|Any CPU
		{92B6A197-E4FC-E5F4-A972-DC2448284606}.Debug|Any CPU.Build.0 = Debug|Any CPU
		{92B6A197-E4FC-E5F4-A972-DC2448284606}.Release|Any CPU.ActiveCfg = Release|Any CPU
		{92B6A197-E4FC-E5F4-A972-DC2448284606}.Release|Any CPU.Build.0 = Release|Any CPU
		{EFE92984-421D-ADE3-20BD-FF41A0BF6C08}.Debug|Any CPU.ActiveCfg = Debug|Any CPU
		{EFE92984-421D-ADE3-20BD-FF41A0BF6C08}.Debug|Any CPU.Build.0 = Debug|Any CPU
		{EFE92984-421D-ADE3-20BD-FF41A0BF6C08}.Release|Any CPU.ActiveCfg = Release|Any CPU
		{EFE92984-421D-ADE3-20BD-FF41A0BF6C08}.Release|Any CPU.Build.0 = Release|Any CPU
		{B34BFDEE-4F66-CF1B-59EF-7AC3D320E801}.Debug|Any CPU.ActiveCfg = Debug|Any CPU
		{B34BFDEE-4F66-CF1B-59EF-7AC3D320E801}.Debug|Any CPU.Build.0 = Debug|Any CPU
		{B34BFDEE-4F66-CF1B-59EF-7AC3D320E801}.Release|Any CPU.ActiveCfg = Release|Any CPU
		{B34BFDEE-4F66-CF1B-59EF-7AC3D320E801}.Release|Any CPU.Build.0 = Release|Any CPU
		{CAF7D82A-5E3E-DF14-6943-26870CE3EC5F}.Debug|Any CPU.ActiveCfg = Debug|Any CPU
		{CAF7D82A-5E3E-DF14-6943-26870CE3EC5F}.Debug|Any CPU.Build.0 = Debug|Any CPU
		{CAF7D82A-5E3E-DF14-6943-26870CE3EC5F}.Release|Any CPU.ActiveCfg = Release|Any CPU
		{CAF7D82A-5E3E-DF14-6943-26870CE3EC5F}.Release|Any CPU.Build.0 = Release|Any CPU
		{3AB49371-7FAE-0111-12B0-BDFEDCC6A36C}.Debug|Any CPU.ActiveCfg = Debug|Any CPU
		{3AB49371-7FAE-0111-12B0-BDFEDCC6A36C}.Debug|Any CPU.Build.0 = Debug|Any CPU
		{3AB49371-7FAE-0111-12B0-BDFEDCC6A36C}.Release|Any CPU.ActiveCfg = Release|Any CPU
		{3AB49371-7FAE-0111-12B0-BDFEDCC6A36C}.Release|Any CPU.Build.0 = Release|Any CPU
		{2CF9DE0F-1CE9-5825-708A-AFE33F087DB1}.Debug|Any CPU.ActiveCfg = Debug|Any CPU
		{2CF9DE0F-1CE9-5825-708A-AFE33F087DB1}.Debug|Any CPU.Build.0 = Debug|Any CPU
		{2CF9DE0F-1CE9-5825-708A-AFE33F087DB1}.Release|Any CPU.ActiveCfg = Release|Any CPU
		{2CF9DE0F-1CE9-5825-708A-AFE33F087DB1}.Release|Any CPU.Build.0 = Release|Any CPU
		{F668B7F3-E397-AA24-842F-3F272F22AB76}.Debug|Any CPU.ActiveCfg = Debug|Any CPU
		{F668B7F3-E397-AA24-842F-3F272F22AB76}.Debug|Any CPU.Build.0 = Debug|Any CPU
		{F668B7F3-E397-AA24-842F-3F272F22AB76}.Release|Any CPU.ActiveCfg = Release|Any CPU
		{F668B7F3-E397-AA24-842F-3F272F22AB76}.Release|Any CPU.Build.0 = Release|Any CPU
		{C5CEE6A7-2A69-2D8F-BD05-E21170F0695C}.Debug|Any CPU.ActiveCfg = Debug|Any CPU
		{C5CEE6A7-2A69-2D8F-BD05-E21170F0695C}.Debug|Any CPU.Build.0 = Debug|Any CPU
		{C5CEE6A7-2A69-2D8F-BD05-E21170F0695C}.Release|Any CPU.ActiveCfg = Release|Any CPU
		{C5CEE6A7-2A69-2D8F-BD05-E21170F0695C}.Release|Any CPU.Build.0 = Release|Any CPU
		{428F1A9F-A304-FEAE-FFC9-F07F6913B444}.Debug|Any CPU.ActiveCfg = Debug|Any CPU
		{428F1A9F-A304-FEAE-FFC9-F07F6913B444}.Debug|Any CPU.Build.0 = Debug|Any CPU
		{428F1A9F-A304-FEAE-FFC9-F07F6913B444}.Release|Any CPU.ActiveCfg = Release|Any CPU
		{428F1A9F-A304-FEAE-FFC9-F07F6913B444}.Release|Any CPU.Build.0 = Release|Any CPU
		{1CDD1BE1-D909-3BF8-8E18-40BFB6B93DB0}.Debug|Any CPU.ActiveCfg = Debug|Any CPU
		{1CDD1BE1-D909-3BF8-8E18-40BFB6B93DB0}.Debug|Any CPU.Build.0 = Debug|Any CPU
		{1CDD1BE1-D909-3BF8-8E18-40BFB6B93DB0}.Release|Any CPU.ActiveCfg = Release|Any CPU
		{1CDD1BE1-D909-3BF8-8E18-40BFB6B93DB0}.Release|Any CPU.Build.0 = Release|Any CPU
		{A89967B7-7E11-B793-71A3-5A1264B923A3}.Debug|Any CPU.ActiveCfg = Debug|Any CPU
		{A89967B7-7E11-B793-71A3-5A1264B923A3}.Debug|Any CPU.Build.0 = Debug|Any CPU
		{A89967B7-7E11-B793-71A3-5A1264B923A3}.Release|Any CPU.ActiveCfg = Release|Any CPU
		{A89967B7-7E11-B793-71A3-5A1264B923A3}.Release|Any CPU.Build.0 = Release|Any CPU
		{C5CB87CE-3571-804F-C557-5865734F767E}.Debug|Any CPU.ActiveCfg = Debug|Any CPU
		{C5CB87CE-3571-804F-C557-5865734F767E}.Debug|Any CPU.Build.0 = Debug|Any CPU
		{C5CB87CE-3571-804F-C557-5865734F767E}.Release|Any CPU.ActiveCfg = Release|Any CPU
		{C5CB87CE-3571-804F-C557-5865734F767E}.Release|Any CPU.Build.0 = Release|Any CPU
		{C8301CA0-A151-BA6F-7E15-22E2381D9D0B}.Debug|Any CPU.ActiveCfg = Debug|Any CPU
		{C8301CA0-A151-BA6F-7E15-22E2381D9D0B}.Debug|Any CPU.Build.0 = Debug|Any CPU
		{C8301CA0-A151-BA6F-7E15-22E2381D9D0B}.Release|Any CPU.ActiveCfg = Release|Any CPU
		{C8301CA0-A151-BA6F-7E15-22E2381D9D0B}.Release|Any CPU.Build.0 = Release|Any CPU
		{745E8815-4288-6ADA-52C4-5F82209673C4}.Debug|Any CPU.ActiveCfg = Debug|Any CPU
		{745E8815-4288-6ADA-52C4-5F82209673C4}.Debug|Any CPU.Build.0 = Debug|Any CPU
		{745E8815-4288-6ADA-52C4-5F82209673C4}.Release|Any CPU.ActiveCfg = Release|Any CPU
		{745E8815-4288-6ADA-52C4-5F82209673C4}.Release|Any CPU.Build.0 = Release|Any CPU
		{7217A4E6-9928-189D-B4AD-F2D64CE119D1}.Debug|Any CPU.ActiveCfg = Debug|Any CPU
		{7217A4E6-9928-189D-B4AD-F2D64CE119D1}.Debug|Any CPU.Build.0 = Debug|Any CPU
		{7217A4E6-9928-189D-B4AD-F2D64CE119D1}.Release|Any CPU.ActiveCfg = Release|Any CPU
		{7217A4E6-9928-189D-B4AD-F2D64CE119D1}.Release|Any CPU.Build.0 = Release|Any CPU
		{06FD8F96-2076-223F-33B2-F707BB841343}.Debug|Any CPU.ActiveCfg = Debug|Any CPU
		{06FD8F96-2076-223F-33B2-F707BB841343}.Debug|Any CPU.Build.0 = Debug|Any CPU
		{06FD8F96-2076-223F-33B2-F707BB841343}.Release|Any CPU.ActiveCfg = Release|Any CPU
		{06FD8F96-2076-223F-33B2-F707BB841343}.Release|Any CPU.Build.0 = Release|Any CPU
		{082C76CD-58BB-5A99-F468-A4392D6F45A0}.Debug|Any CPU.ActiveCfg = Debug|Any CPU
		{082C76CD-58BB-5A99-F468-A4392D6F45A0}.Debug|Any CPU.Build.0 = Debug|Any CPU
		{082C76CD-58BB-5A99-F468-A4392D6F45A0}.Release|Any CPU.ActiveCfg = Release|Any CPU
		{082C76CD-58BB-5A99-F468-A4392D6F45A0}.Release|Any CPU.Build.0 = Release|Any CPU
		{C69CA156-8B27-FFA5-A9C6-7559089E6E8E}.Debug|Any CPU.ActiveCfg = Debug|Any CPU
		{C69CA156-8B27-FFA5-A9C6-7559089E6E8E}.Debug|Any CPU.Build.0 = Debug|Any CPU
		{C69CA156-8B27-FFA5-A9C6-7559089E6E8E}.Release|Any CPU.ActiveCfg = Release|Any CPU
		{C69CA156-8B27-FFA5-A9C6-7559089E6E8E}.Release|Any CPU.Build.0 = Release|Any CPU
		{DB34E299-BDBF-4C55-A688-EB9FC43A87B8}.Debug|Any CPU.ActiveCfg = Debug|Any CPU
		{DB34E299-BDBF-4C55-A688-EB9FC43A87B8}.Debug|Any CPU.Build.0 = Debug|Any CPU
		{DB34E299-BDBF-4C55-A688-EB9FC43A87B8}.Release|Any CPU.ActiveCfg = Release|Any CPU
		{DB34E299-BDBF-4C55-A688-EB9FC43A87B8}.Release|Any CPU.Build.0 = Release|Any CPU
		{8D8FB185-386A-C187-0063-1AD916AADD48}.Debug|Any CPU.ActiveCfg = Debug|Any CPU
		{8D8FB185-386A-C187-0063-1AD916AADD48}.Debug|Any CPU.Build.0 = Debug|Any CPU
		{8D8FB185-386A-C187-0063-1AD916AADD48}.Release|Any CPU.ActiveCfg = Release|Any CPU
		{8D8FB185-386A-C187-0063-1AD916AADD48}.Release|Any CPU.Build.0 = Release|Any CPU
		{C1628D1D-A654-83DB-D76A-F028B5357FF1}.Debug|Any CPU.ActiveCfg = Debug|Any CPU
		{C1628D1D-A654-83DB-D76A-F028B5357FF1}.Debug|Any CPU.Build.0 = Debug|Any CPU
		{C1628D1D-A654-83DB-D76A-F028B5357FF1}.Release|Any CPU.ActiveCfg = Release|Any CPU
		{C1628D1D-A654-83DB-D76A-F028B5357FF1}.Release|Any CPU.Build.0 = Release|Any CPU
		{AD3BFB81-A081-3005-75B0-4CCA040EA40C}.Debug|Any CPU.ActiveCfg = Debug|Any CPU
		{AD3BFB81-A081-3005-75B0-4CCA040EA40C}.Debug|Any CPU.Build.0 = Debug|Any CPU
		{AD3BFB81-A081-3005-75B0-4CCA040EA40C}.Release|Any CPU.ActiveCfg = Release|Any CPU
		{AD3BFB81-A081-3005-75B0-4CCA040EA40C}.Release|Any CPU.Build.0 = Release|Any CPU
		{E72FF6E0-1307-FE04-885B-AD2EBC4B5674}.Debug|Any CPU.ActiveCfg = Debug|Any CPU
		{E72FF6E0-1307-FE04-885B-AD2EBC4B5674}.Debug|Any CPU.Build.0 = Debug|Any CPU
		{E72FF6E0-1307-FE04-885B-AD2EBC4B5674}.Release|Any CPU.ActiveCfg = Release|Any CPU
		{E72FF6E0-1307-FE04-885B-AD2EBC4B5674}.Release|Any CPU.Build.0 = Release|Any CPU
		{CAF1F82F-FC47-FCBD-713D-31E06502A5CD}.Debug|Any CPU.ActiveCfg = Debug|Any CPU
		{CAF1F82F-FC47-FCBD-713D-31E06502A5CD}.Debug|Any CPU.Build.0 = Debug|Any CPU
		{CAF1F82F-FC47-FCBD-713D-31E06502A5CD}.Release|Any CPU.ActiveCfg = Release|Any CPU
		{CAF1F82F-FC47-FCBD-713D-31E06502A5CD}.Release|Any CPU.Build.0 = Release|Any CPU
		{D35C4471-84A2-36D0-6E1D-87DDC08ED7E1}.Debug|Any CPU.ActiveCfg = Debug|Any CPU
		{D35C4471-84A2-36D0-6E1D-87DDC08ED7E1}.Debug|Any CPU.Build.0 = Debug|Any CPU
		{D35C4471-84A2-36D0-6E1D-87DDC08ED7E1}.Release|Any CPU.ActiveCfg = Release|Any CPU
		{D35C4471-84A2-36D0-6E1D-87DDC08ED7E1}.Release|Any CPU.Build.0 = Release|Any CPU
		{8752BBF8-9874-4AE7-9385-DACD125A0142}.Debug|Any CPU.ActiveCfg = Debug|Any CPU
		{8752BBF8-9874-4AE7-9385-DACD125A0142}.Debug|Any CPU.Build.0 = Debug|Any CPU
		{8752BBF8-9874-4AE7-9385-DACD125A0142}.Release|Any CPU.ActiveCfg = Release|Any CPU
		{8752BBF8-9874-4AE7-9385-DACD125A0142}.Release|Any CPU.Build.0 = Release|Any CPU
		{F5B4BDD9-1372-979E-C689-5C369AE9E117}.Debug|Any CPU.ActiveCfg = Debug|Any CPU
		{F5B4BDD9-1372-979E-C689-5C369AE9E117}.Debug|Any CPU.Build.0 = Debug|Any CPU
		{F5B4BDD9-1372-979E-C689-5C369AE9E117}.Release|Any CPU.ActiveCfg = Release|Any CPU
		{F5B4BDD9-1372-979E-C689-5C369AE9E117}.Release|Any CPU.Build.0 = Release|Any CPU
		{150C7BE8-A3E4-E9F6-3A45-F9A8D834824C}.Debug|Any CPU.ActiveCfg = Debug|Any CPU
		{150C7BE8-A3E4-E9F6-3A45-F9A8D834824C}.Debug|Any CPU.Build.0 = Debug|Any CPU
		{150C7BE8-A3E4-E9F6-3A45-F9A8D834824C}.Release|Any CPU.ActiveCfg = Release|Any CPU
		{150C7BE8-A3E4-E9F6-3A45-F9A8D834824C}.Release|Any CPU.Build.0 = Release|Any CPU
		{62F17392-2357-8547-7CFB-B171B35AD5C8}.Debug|Any CPU.ActiveCfg = Debug|Any CPU
		{62F17392-2357-8547-7CFB-B171B35AD5C8}.Debug|Any CPU.Build.0 = Debug|Any CPU
		{62F17392-2357-8547-7CFB-B171B35AD5C8}.Release|Any CPU.ActiveCfg = Release|Any CPU
		{62F17392-2357-8547-7CFB-B171B35AD5C8}.Release|Any CPU.Build.0 = Release|Any CPU
		{113CE6E8-E0CB-DCD8-1828-7BC4CD8384C2}.Debug|Any CPU.ActiveCfg = Debug|Any CPU
		{113CE6E8-E0CB-DCD8-1828-7BC4CD8384C2}.Debug|Any CPU.Build.0 = Debug|Any CPU
		{113CE6E8-E0CB-DCD8-1828-7BC4CD8384C2}.Release|Any CPU.ActiveCfg = Release|Any CPU
		{113CE6E8-E0CB-DCD8-1828-7BC4CD8384C2}.Release|Any CPU.Build.0 = Release|Any CPU
		{F3126928-C756-E3C5-24A1-D80E6C300C4F}.Debug|Any CPU.ActiveCfg = Debug|Any CPU
		{F3126928-C756-E3C5-24A1-D80E6C300C4F}.Debug|Any CPU.Build.0 = Debug|Any CPU
		{F3126928-C756-E3C5-24A1-D80E6C300C4F}.Release|Any CPU.ActiveCfg = Release|Any CPU
		{F3126928-C756-E3C5-24A1-D80E6C300C4F}.Release|Any CPU.Build.0 = Release|Any CPU
		{9D615061-2F3C-2A84-FF17-25556A8B4CB3}.Debug|Any CPU.ActiveCfg = Debug|Any CPU
		{9D615061-2F3C-2A84-FF17-25556A8B4CB3}.Debug|Any CPU.Build.0 = Debug|Any CPU
		{9D615061-2F3C-2A84-FF17-25556A8B4CB3}.Release|Any CPU.ActiveCfg = Release|Any CPU
		{9D615061-2F3C-2A84-FF17-25556A8B4CB3}.Release|Any CPU.Build.0 = Release|Any CPU
		{FE5367A0-6075-DF70-AA1C-7C8438FA515E}.Debug|Any CPU.ActiveCfg = Debug|Any CPU
		{FE5367A0-6075-DF70-AA1C-7C8438FA515E}.Debug|Any CPU.Build.0 = Debug|Any CPU
		{FE5367A0-6075-DF70-AA1C-7C8438FA515E}.Release|Any CPU.ActiveCfg = Release|Any CPU
		{FE5367A0-6075-DF70-AA1C-7C8438FA515E}.Release|Any CPU.Build.0 = Release|Any CPU
		{745BA954-92E2-AD65-EDE8-43C02B2ACA5E}.Debug|Any CPU.ActiveCfg = Debug|Any CPU
		{745BA954-92E2-AD65-EDE8-43C02B2ACA5E}.Debug|Any CPU.Build.0 = Debug|Any CPU
		{745BA954-92E2-AD65-EDE8-43C02B2ACA5E}.Release|Any CPU.ActiveCfg = Release|Any CPU
		{745BA954-92E2-AD65-EDE8-43C02B2ACA5E}.Release|Any CPU.Build.0 = Release|Any CPU
		{07C980EB-FEE1-9B9E-DD68-741C962B701C}.Debug|Any CPU.ActiveCfg = Debug|Any CPU
		{07C980EB-FEE1-9B9E-DD68-741C962B701C}.Debug|Any CPU.Build.0 = Debug|Any CPU
		{07C980EB-FEE1-9B9E-DD68-741C962B701C}.Release|Any CPU.ActiveCfg = Release|Any CPU
		{07C980EB-FEE1-9B9E-DD68-741C962B701C}.Release|Any CPU.Build.0 = Release|Any CPU
		{89432D89-740E-7E9B-8CDF-826FD60C5492}.Debug|Any CPU.ActiveCfg = Debug|Any CPU
		{89432D89-740E-7E9B-8CDF-826FD60C5492}.Debug|Any CPU.Build.0 = Debug|Any CPU
		{89432D89-740E-7E9B-8CDF-826FD60C5492}.Release|Any CPU.ActiveCfg = Release|Any CPU
		{89432D89-740E-7E9B-8CDF-826FD60C5492}.Release|Any CPU.Build.0 = Release|Any CPU
		{F6E64ACC-F4E7-6455-DAFB-7B1CF71E0B0F}.Debug|Any CPU.ActiveCfg = Debug|Any CPU
		{F6E64ACC-F4E7-6455-DAFB-7B1CF71E0B0F}.Debug|Any CPU.Build.0 = Debug|Any CPU
		{F6E64ACC-F4E7-6455-DAFB-7B1CF71E0B0F}.Release|Any CPU.ActiveCfg = Release|Any CPU
		{F6E64ACC-F4E7-6455-DAFB-7B1CF71E0B0F}.Release|Any CPU.Build.0 = Release|Any CPU
		{1A2E62E6-87EC-9E75-CEC4-CD5B894E3C2F}.Debug|Any CPU.ActiveCfg = Debug|Any CPU
		{1A2E62E6-87EC-9E75-CEC4-CD5B894E3C2F}.Debug|Any CPU.Build.0 = Debug|Any CPU
		{1A2E62E6-87EC-9E75-CEC4-CD5B894E3C2F}.Release|Any CPU.ActiveCfg = Release|Any CPU
		{1A2E62E6-87EC-9E75-CEC4-CD5B894E3C2F}.Release|Any CPU.Build.0 = Release|Any CPU
		{C435FD3D-45AE-3491-1FC1-9BAD66F2B71C}.Debug|Any CPU.ActiveCfg = Debug|Any CPU
		{C435FD3D-45AE-3491-1FC1-9BAD66F2B71C}.Debug|Any CPU.Build.0 = Debug|Any CPU
		{C435FD3D-45AE-3491-1FC1-9BAD66F2B71C}.Release|Any CPU.ActiveCfg = Release|Any CPU
		{C435FD3D-45AE-3491-1FC1-9BAD66F2B71C}.Release|Any CPU.Build.0 = Release|Any CPU
		{6527B074-1608-2771-EFC1-C72EE999A824}.Debug|Any CPU.ActiveCfg = Debug|Any CPU
		{6527B074-1608-2771-EFC1-C72EE999A824}.Debug|Any CPU.Build.0 = Debug|Any CPU
		{6527B074-1608-2771-EFC1-C72EE999A824}.Release|Any CPU.ActiveCfg = Release|Any CPU
		{6527B074-1608-2771-EFC1-C72EE999A824}.Release|Any CPU.Build.0 = Release|Any CPU
		{2179BDC1-00FF-A1BD-DAE3-C4ABE17CB415}.Debug|Any CPU.ActiveCfg = Debug|Any CPU
		{2179BDC1-00FF-A1BD-DAE3-C4ABE17CB415}.Debug|Any CPU.Build.0 = Debug|Any CPU
		{2179BDC1-00FF-A1BD-DAE3-C4ABE17CB415}.Release|Any CPU.ActiveCfg = Release|Any CPU
		{2179BDC1-00FF-A1BD-DAE3-C4ABE17CB415}.Release|Any CPU.Build.0 = Release|Any CPU
		{61BC5FF3-691E-4359-997E-93D068605D90}.Debug|Any CPU.ActiveCfg = Debug|Any CPU
		{61BC5FF3-691E-4359-997E-93D068605D90}.Debug|Any CPU.Build.0 = Debug|Any CPU
		{61BC5FF3-691E-4359-997E-93D068605D90}.Release|Any CPU.ActiveCfg = Release|Any CPU
		{61BC5FF3-691E-4359-997E-93D068605D90}.Release|Any CPU.Build.0 = Release|Any CPU
		{8364DA3D-AF92-9F54-E34E-EBFCA318EF4E}.Debug|Any CPU.ActiveCfg = Debug|Any CPU
		{8364DA3D-AF92-9F54-E34E-EBFCA318EF4E}.Debug|Any CPU.Build.0 = Debug|Any CPU
		{8364DA3D-AF92-9F54-E34E-EBFCA318EF4E}.Release|Any CPU.ActiveCfg = Release|Any CPU
		{8364DA3D-AF92-9F54-E34E-EBFCA318EF4E}.Release|Any CPU.Build.0 = Release|Any CPU
		{B9512A30-7FD0-16F7-E45B-5F41192B2F13}.Debug|Any CPU.ActiveCfg = Debug|Any CPU
		{B9512A30-7FD0-16F7-E45B-5F41192B2F13}.Debug|Any CPU.Build.0 = Debug|Any CPU
		{B9512A30-7FD0-16F7-E45B-5F41192B2F13}.Release|Any CPU.ActiveCfg = Release|Any CPU
		{B9512A30-7FD0-16F7-E45B-5F41192B2F13}.Release|Any CPU.Build.0 = Release|Any CPU
		{3750DE5F-8D7D-4512-B9B6-AC77A0026BC1}.Debug|Any CPU.ActiveCfg = Debug|Any CPU
		{3750DE5F-8D7D-4512-B9B6-AC77A0026BC1}.Debug|Any CPU.Build.0 = Debug|Any CPU
		{3750DE5F-8D7D-4512-B9B6-AC77A0026BC1}.Release|Any CPU.ActiveCfg = Release|Any CPU
		{3750DE5F-8D7D-4512-B9B6-AC77A0026BC1}.Release|Any CPU.Build.0 = Release|Any CPU
		{4DFEEE69-9179-2DE8-B301-81C30F7045AF}.Debug|Any CPU.ActiveCfg = Debug|Any CPU
		{4DFEEE69-9179-2DE8-B301-81C30F7045AF}.Debug|Any CPU.Build.0 = Debug|Any CPU
		{4DFEEE69-9179-2DE8-B301-81C30F7045AF}.Release|Any CPU.ActiveCfg = Release|Any CPU
		{4DFEEE69-9179-2DE8-B301-81C30F7045AF}.Release|Any CPU.Build.0 = Release|Any CPU
		{653CB20F-1E37-0719-6DE3-35A5DE2DECB2}.Debug|Any CPU.ActiveCfg = Debug|Any CPU
		{653CB20F-1E37-0719-6DE3-35A5DE2DECB2}.Debug|Any CPU.Build.0 = Debug|Any CPU
		{653CB20F-1E37-0719-6DE3-35A5DE2DECB2}.Release|Any CPU.ActiveCfg = Release|Any CPU
		{653CB20F-1E37-0719-6DE3-35A5DE2DECB2}.Release|Any CPU.Build.0 = Release|Any CPU
		{8C2842EA-1D0F-4B13-C24C-27C0CCE753EA}.Debug|Any CPU.ActiveCfg = Debug|Any CPU
		{8C2842EA-1D0F-4B13-C24C-27C0CCE753EA}.Debug|Any CPU.Build.0 = Debug|Any CPU
		{8C2842EA-1D0F-4B13-C24C-27C0CCE753EA}.Release|Any CPU.ActiveCfg = Release|Any CPU
		{8C2842EA-1D0F-4B13-C24C-27C0CCE753EA}.Release|Any CPU.Build.0 = Release|Any CPU
		{4FE6340D-F836-C873-F25C-44C63829AD74}.Debug|Any CPU.ActiveCfg = Debug|Any CPU
		{4FE6340D-F836-C873-F25C-44C63829AD74}.Debug|Any CPU.Build.0 = Debug|Any CPU
		{4FE6340D-F836-C873-F25C-44C63829AD74}.Release|Any CPU.ActiveCfg = Release|Any CPU
		{4FE6340D-F836-C873-F25C-44C63829AD74}.Release|Any CPU.Build.0 = Release|Any CPU
		{0F86C8CC-2DC5-26C7-0034-6AF7F440142D}.Debug|Any CPU.ActiveCfg = Debug|Any CPU
		{0F86C8CC-2DC5-26C7-0034-6AF7F440142D}.Debug|Any CPU.Build.0 = Debug|Any CPU
		{0F86C8CC-2DC5-26C7-0034-6AF7F440142D}.Release|Any CPU.ActiveCfg = Release|Any CPU
		{0F86C8CC-2DC5-26C7-0034-6AF7F440142D}.Release|Any CPU.Build.0 = Release|Any CPU
		{6FDFEFB4-1349-622E-1336-73100C66DE64}.Debug|Any CPU.ActiveCfg = Debug|Any CPU
		{6FDFEFB4-1349-622E-1336-73100C66DE64}.Debug|Any CPU.Build.0 = Debug|Any CPU
		{6FDFEFB4-1349-622E-1336-73100C66DE64}.Release|Any CPU.ActiveCfg = Release|Any CPU
		{6FDFEFB4-1349-622E-1336-73100C66DE64}.Release|Any CPU.Build.0 = Release|Any CPU
		{17D428DA-8ADA-3410-897D-1433020A79E7}.Debug|Any CPU.ActiveCfg = Debug|Any CPU
		{17D428DA-8ADA-3410-897D-1433020A79E7}.Debug|Any CPU.Build.0 = Debug|Any CPU
		{17D428DA-8ADA-3410-897D-1433020A79E7}.Release|Any CPU.ActiveCfg = Release|Any CPU
		{17D428DA-8ADA-3410-897D-1433020A79E7}.Release|Any CPU.Build.0 = Release|Any CPU
		{3F9C9F07-8B6E-1195-5DC3-716157DFD241}.Debug|Any CPU.ActiveCfg = Debug|Any CPU
		{3F9C9F07-8B6E-1195-5DC3-716157DFD241}.Debug|Any CPU.Build.0 = Debug|Any CPU
		{3F9C9F07-8B6E-1195-5DC3-716157DFD241}.Release|Any CPU.ActiveCfg = Release|Any CPU
		{3F9C9F07-8B6E-1195-5DC3-716157DFD241}.Release|Any CPU.Build.0 = Release|Any CPU
		{F23F6870-69C7-E772-6AE0-FA4145ED8289}.Debug|Any CPU.ActiveCfg = Debug|Any CPU
		{F23F6870-69C7-E772-6AE0-FA4145ED8289}.Debug|Any CPU.Build.0 = Debug|Any CPU
		{F23F6870-69C7-E772-6AE0-FA4145ED8289}.Release|Any CPU.ActiveCfg = Release|Any CPU
		{F23F6870-69C7-E772-6AE0-FA4145ED8289}.Release|Any CPU.Build.0 = Release|Any CPU
		{CCB66A13-4F96-B0DC-7B42-133DA54A2657}.Debug|Any CPU.ActiveCfg = Debug|Any CPU
		{CCB66A13-4F96-B0DC-7B42-133DA54A2657}.Debug|Any CPU.Build.0 = Debug|Any CPU
		{CCB66A13-4F96-B0DC-7B42-133DA54A2657}.Release|Any CPU.ActiveCfg = Release|Any CPU
		{CCB66A13-4F96-B0DC-7B42-133DA54A2657}.Release|Any CPU.Build.0 = Release|Any CPU
		{686E5B84-A17A-4305-5A00-D2B5BC0434E3}.Debug|Any CPU.ActiveCfg = Debug|Any CPU
		{686E5B84-A17A-4305-5A00-D2B5BC0434E3}.Debug|Any CPU.Build.0 = Debug|Any CPU
		{686E5B84-A17A-4305-5A00-D2B5BC0434E3}.Release|Any CPU.ActiveCfg = Release|Any CPU
		{686E5B84-A17A-4305-5A00-D2B5BC0434E3}.Release|Any CPU.Build.0 = Release|Any CPU
		{16C2FEA9-746D-1B9D-4B7C-E081312F8E0B}.Debug|Any CPU.ActiveCfg = Debug|Any CPU
		{16C2FEA9-746D-1B9D-4B7C-E081312F8E0B}.Debug|Any CPU.Build.0 = Debug|Any CPU
		{16C2FEA9-746D-1B9D-4B7C-E081312F8E0B}.Release|Any CPU.ActiveCfg = Release|Any CPU
		{16C2FEA9-746D-1B9D-4B7C-E081312F8E0B}.Release|Any CPU.Build.0 = Release|Any CPU
		{21FDD3F8-50DF-A5A0-F591-966C8734A29C}.Debug|Any CPU.ActiveCfg = Debug|Any CPU
		{21FDD3F8-50DF-A5A0-F591-966C8734A29C}.Debug|Any CPU.Build.0 = Debug|Any CPU
		{21FDD3F8-50DF-A5A0-F591-966C8734A29C}.Release|Any CPU.ActiveCfg = Release|Any CPU
		{21FDD3F8-50DF-A5A0-F591-966C8734A29C}.Release|Any CPU.Build.0 = Release|Any CPU
		{1698B278-57E9-D89B-3AB2-5A6084FEEDA5}.Debug|Any CPU.ActiveCfg = Debug|Any CPU
		{1698B278-57E9-D89B-3AB2-5A6084FEEDA5}.Debug|Any CPU.Build.0 = Debug|Any CPU
		{1698B278-57E9-D89B-3AB2-5A6084FEEDA5}.Release|Any CPU.ActiveCfg = Release|Any CPU
		{1698B278-57E9-D89B-3AB2-5A6084FEEDA5}.Release|Any CPU.Build.0 = Release|Any CPU
		{1B4387C7-AE07-A1F6-A29E-B4F349F3B548}.Debug|Any CPU.ActiveCfg = Debug|Any CPU
		{1B4387C7-AE07-A1F6-A29E-B4F349F3B548}.Debug|Any CPU.Build.0 = Debug|Any CPU
		{1B4387C7-AE07-A1F6-A29E-B4F349F3B548}.Release|Any CPU.ActiveCfg = Release|Any CPU
		{1B4387C7-AE07-A1F6-A29E-B4F349F3B548}.Release|Any CPU.Build.0 = Release|Any CPU
		{14D5A017-9C00-9F55-4B8C-8A1418E63AAF}.Debug|Any CPU.ActiveCfg = Debug|Any CPU
		{14D5A017-9C00-9F55-4B8C-8A1418E63AAF}.Debug|Any CPU.Build.0 = Debug|Any CPU
		{14D5A017-9C00-9F55-4B8C-8A1418E63AAF}.Release|Any CPU.ActiveCfg = Release|Any CPU
		{14D5A017-9C00-9F55-4B8C-8A1418E63AAF}.Release|Any CPU.Build.0 = Release|Any CPU
	EndGlobalSection
	GlobalSection(SolutionProperties) = preSolution
		HideSolutionNode = FALSE
	EndGlobalSection
EndGlobal
